// !$*UTF8*$!
{
	archiveVersion = 1;
	classes = {
	};
	objectVersion = 46;
	objects = {

/* Begin PBXBuildFile section */
		0F1687281D6515A8006C3FE2 /* BookNavigationBarLayoutTests.swift in Sources */ = {isa = PBXBuildFile; fileRef = 0F1687271D6515A8006C3FE2 /* BookNavigationBarLayoutTests.swift */; };
		0F283E401D6DF24E00A38B89 /* BookSegueController.swift in Sources */ = {isa = PBXBuildFile; fileRef = 0F283E3F1D6DF24E00A38B89 /* BookSegueController.swift */; };
		0F283E421D6DF93000A38B89 /* BookChapterSelectionLayoutTests.swift in Sources */ = {isa = PBXBuildFile; fileRef = 0F283E411D6DF93000A38B89 /* BookChapterSelectionLayoutTests.swift */; };
		0F283E441D6DFC8A00A38B89 /* BookChapterSelectionTests.swift in Sources */ = {isa = PBXBuildFile; fileRef = 0F283E431D6DFC8A00A38B89 /* BookChapterSelectionTests.swift */; };
		0F28D0B71D4E74E3002C98E7 /* Book.storyboard in Resources */ = {isa = PBXBuildFile; fileRef = 0F28D0B51D4E74E3002C98E7 /* Book.storyboard */; };
		0F28D0BA1D4E7501002C98E7 /* Chart.storyboard in Resources */ = {isa = PBXBuildFile; fileRef = 0F28D0B81D4E7501002C98E7 /* Chart.storyboard */; };
		0F28D0BD1D4E755B002C98E7 /* Help.storyboard in Resources */ = {isa = PBXBuildFile; fileRef = 0F28D0BB1D4E755B002C98E7 /* Help.storyboard */; };
		0F3936641D5B9374003CC6C0 /* BookController.swift in Sources */ = {isa = PBXBuildFile; fileRef = 0F3936631D5B9374003CC6C0 /* BookController.swift */; };
		0F3EAFDE1D6CA34B0059C312 /* XCUIElementQuery+First.swift in Sources */ = {isa = PBXBuildFile; fileRef = 0F3EAFDD1D6CA34B0059C312 /* XCUIElementQuery+First.swift */; };
		0F3EAFE01D6CD6480059C312 /* BookChapterView.swift in Sources */ = {isa = PBXBuildFile; fileRef = 0F3EAFDF1D6CD6480059C312 /* BookChapterView.swift */; };
		0F464FB41D621D4E0036D762 /* BookSwipeGesturesTests.swift in Sources */ = {isa = PBXBuildFile; fileRef = 0F464FB31D621D4E0036D762 /* BookSwipeGesturesTests.swift */; };
		0F4BA9C81D636765003CCFE9 /* BookPageViewController.swift in Sources */ = {isa = PBXBuildFile; fileRef = 0F4BA9C71D636765003CCFE9 /* BookPageViewController.swift */; };
		0F4BA9CA1D6368DA003CCFE9 /* BookChapterViewController.swift in Sources */ = {isa = PBXBuildFile; fileRef = 0F4BA9C91D6368DA003CCFE9 /* BookChapterViewController.swift */; };
		0F78F7301D596F3D00DAE36A /* chapter1.html in Resources */ = {isa = PBXBuildFile; fileRef = 0F78F7321D596F3D00DAE36A /* chapter1.html */; };
		0F78F7591D59703100DAE36A /* Body-Code-Digital-Glory-2.0_Render.png in Resources */ = {isa = PBXBuildFile; fileRef = 0F78F73C1D59703100DAE36A /* Body-Code-Digital-Glory-2.0_Render.png */; };
		0F78F75A1D59703100DAE36A /* FLowChart.jpg in Resources */ = {isa = PBXBuildFile; fileRef = 0F78F73D1D59703100DAE36A /* FLowChart.jpg */; };
		0F78F75B1D59703100DAE36A /* governing_front.png in Resources */ = {isa = PBXBuildFile; fileRef = 0F78F73E1D59703100DAE36A /* governing_front.png */; };
		0F78F75C1D59703100DAE36A /* governing_front1.png in Resources */ = {isa = PBXBuildFile; fileRef = 0F78F73F1D59703100DAE36A /* governing_front1.png */; };
		0F78F75D1D59703100DAE36A /* governing-back.png in Resources */ = {isa = PBXBuildFile; fileRef = 0F78F7401D59703100DAE36A /* governing-back.png */; };
		0F78F75E1D59703100DAE36A /* governing-back1.png in Resources */ = {isa = PBXBuildFile; fileRef = 0F78F7411D59703100DAE36A /* governing-back1.png */; };
		0F78F75F1D59703100DAE36A /* Heart-Wall_FlowChart_rev_4-1-2010.png in Resources */ = {isa = PBXBuildFile; fileRef = 0F78F7421D59703100DAE36A /* Heart-Wall_FlowChart_rev_4-1-2010.png */; };
		0F78F7601D59703100DAE36A /* kirlian_halvblad.png in Resources */ = {isa = PBXBuildFile; fileRef = 0F78F7431D59703100DAE36A /* kirlian_halvblad.png */; };
		0F78F7611D59703100DAE36A /* MT-Falling_Log_DOWN.png in Resources */ = {isa = PBXBuildFile; fileRef = 0F78F7441D59703100DAE36A /* MT-Falling_Log_DOWN.png */; };
		0F78F7621D59703100DAE36A /* MT-Falling_Log_UP.png in Resources */ = {isa = PBXBuildFile; fileRef = 0F78F7451D59703100DAE36A /* MT-Falling_Log_UP.png */; };
		0F78F7631D59703100DAE36A /* MT-Hand_Solo_DOWN.png in Resources */ = {isa = PBXBuildFile; fileRef = 0F78F7461D59703100DAE36A /* MT-Hand_Solo_DOWN.png */; };
		0F78F7641D59703100DAE36A /* MT-Hand_Solo_UP.png in Resources */ = {isa = PBXBuildFile; fileRef = 0F78F7471D59703100DAE36A /* MT-Hand_Solo_UP.png */; };
		0F78F7651D59703100DAE36A /* MT-Hole_in_One_CLOSED.png in Resources */ = {isa = PBXBuildFile; fileRef = 0F78F7481D59703100DAE36A /* MT-Hole_in_One_CLOSED.png */; };
		0F78F7661D59703100DAE36A /* MT-Hole_in_One_OPEN.png in Resources */ = {isa = PBXBuildFile; fileRef = 0F78F7491D59703100DAE36A /* MT-Hole_in_One_OPEN.png */; };
		0F78F7671D59703100DAE36A /* MT-Hole_in_One_Placement.png in Resources */ = {isa = PBXBuildFile; fileRef = 0F78F74A1D59703100DAE36A /* MT-Hole_in_One_Placement.png */; };
		0F78F7681D59703100DAE36A /* MT-Placement.png in Resources */ = {isa = PBXBuildFile; fileRef = 0F78F74B1D59703100DAE36A /* MT-Placement.png */; };
		0F78F7691D59703100DAE36A /* MT-Ring_in_Ring_CLOSED.png in Resources */ = {isa = PBXBuildFile; fileRef = 0F78F74C1D59703100DAE36A /* MT-Ring_in_Ring_CLOSED.png */; };
		0F78F76A1D59703100DAE36A /* MT-Ring_in_Ring_OPEN.png in Resources */ = {isa = PBXBuildFile; fileRef = 0F78F74D1D59703100DAE36A /* MT-Ring_in_Ring_OPEN.png */; };
		0F78F76B1D59703100DAE36A /* MT-surrogate_testing_adult.png in Resources */ = {isa = PBXBuildFile; fileRef = 0F78F74E1D59703100DAE36A /* MT-surrogate_testing_adult.png */; };
		0F78F76C1D59703100DAE36A /* MT-surrogate_testing.png in Resources */ = {isa = PBXBuildFile; fileRef = 0F78F74F1D59703100DAE36A /* MT-surrogate_testing.png */; };
		0F78F76D1D59703100DAE36A /* MT-Sway_Backward.png in Resources */ = {isa = PBXBuildFile; fileRef = 0F78F7501D59703100DAE36A /* MT-Sway_Backward.png */; };
		0F78F76E1D59703100DAE36A /* MT-Sway_Forward.png in Resources */ = {isa = PBXBuildFile; fileRef = 0F78F7511D59703100DAE36A /* MT-Sway_Forward.png */; };
		0F78F76F1D59703100DAE36A /* Proxy_Scene.png in Resources */ = {isa = PBXBuildFile; fileRef = 0F78F7521D59703100DAE36A /* Proxy_Scene.png */; };
		0F78F7701D59703100DAE36A /* Revised_Emotion_Chart,_full.png in Resources */ = {isa = PBXBuildFile; fileRef = 0F78F7531D59703100DAE36A /* Revised_Emotion_Chart,_full.png */; };
		0F78F7711D59703100DAE36A /* Revised_Emotion_Chart,_full1.png in Resources */ = {isa = PBXBuildFile; fileRef = 0F78F7541D59703100DAE36A /* Revised_Emotion_Chart,_full1.png */; };
		0F78F7721D59703100DAE36A /* Revised_Emotion_Chart,_sample.png in Resources */ = {isa = PBXBuildFile; fileRef = 0F78F7551D59703100DAE36A /* Revised_Emotion_Chart,_sample.png */; };
		0F78F7731D59703100DAE36A /* Smiling_face.png in Resources */ = {isa = PBXBuildFile; fileRef = 0F78F7561D59703100DAE36A /* Smiling_face.png */; };
		0F78F7741D59703100DAE36A /* Trapped_Emotion_FlowChart_rev_4-1-2010.png in Resources */ = {isa = PBXBuildFile; fileRef = 0F78F7571D59703100DAE36A /* Trapped_Emotion_FlowChart_rev_4-1-2010.png */; };
		0F78F7751D59703100DAE36A /* Tuning_Forks.png in Resources */ = {isa = PBXBuildFile; fileRef = 0F78F7581D59703100DAE36A /* Tuning_Forks.png */; };
		0F78F7C91D5971B500DAE36A /* chapter2.html in Resources */ = {isa = PBXBuildFile; fileRef = 0F78F7CB1D5971B500DAE36A /* chapter2.html */; };
		0F78F7CE1D5971BB00DAE36A /* chapter3.html in Resources */ = {isa = PBXBuildFile; fileRef = 0F78F7D01D5971BB00DAE36A /* chapter3.html */; };
		0F78F7D31D5971C200DAE36A /* chapter4.html in Resources */ = {isa = PBXBuildFile; fileRef = 0F78F7D51D5971C200DAE36A /* chapter4.html */; };
		0F78F7D81D5971CA00DAE36A /* chapter5.html in Resources */ = {isa = PBXBuildFile; fileRef = 0F78F7DA1D5971CA00DAE36A /* chapter5.html */; };
		0F78F7DD1D5971D200DAE36A /* chapter6.html in Resources */ = {isa = PBXBuildFile; fileRef = 0F78F7DF1D5971D200DAE36A /* chapter6.html */; };
		0F78F7E21D5971D900DAE36A /* chapter7.html in Resources */ = {isa = PBXBuildFile; fileRef = 0F78F7E41D5971D900DAE36A /* chapter7.html */; };
		0F78F7E71D5971E400DAE36A /* chapter8.html in Resources */ = {isa = PBXBuildFile; fileRef = 0F78F7E91D5971E400DAE36A /* chapter8.html */; };
		0F78F7EC1D5971EB00DAE36A /* chapter9.html in Resources */ = {isa = PBXBuildFile; fileRef = 0F78F7EE1D5971EB00DAE36A /* chapter9.html */; };
		0F78F7F11D5971F200DAE36A /* chapter10.html in Resources */ = {isa = PBXBuildFile; fileRef = 0F78F7F31D5971F200DAE36A /* chapter10.html */; };
		0F78F7F61D5971F800DAE36A /* about-author.html in Resources */ = {isa = PBXBuildFile; fileRef = 0F78F7F81D5971F800DAE36A /* about-author.html */; };
		0F78F8001D59777F00DAE36A /* FLowChart-Spanish.jpg in Resources */ = {isa = PBXBuildFile; fileRef = 0F78F7FB1D59777F00DAE36A /* FLowChart-Spanish.jpg */; };
		0F78F8011D59777F00DAE36A /* TEC_Chart_of_Emotions_Spanish.png in Resources */ = {isa = PBXBuildFile; fileRef = 0F78F7FC1D59777F00DAE36A /* TEC_Chart_of_Emotions_Spanish.png */; };
		0F78F8021D59777F00DAE36A /* TEC_Chart_of_Emotions_Spanish1.png in Resources */ = {isa = PBXBuildFile; fileRef = 0F78F7FD1D59777F00DAE36A /* TEC_Chart_of_Emotions_Spanish1.png */; };
		0F78F8031D59777F00DAE36A /* TEC_Heart-Wall_Flowchart-Spanish.png in Resources */ = {isa = PBXBuildFile; fileRef = 0F78F7FE1D59777F00DAE36A /* TEC_Heart-Wall_Flowchart-Spanish.png */; };
		0F78F8041D59777F00DAE36A /* Trapped_Emotion_Flowchart_-_Spanish.png in Resources */ = {isa = PBXBuildFile; fileRef = 0F78F7FF1D59777F00DAE36A /* Trapped_Emotion_Flowchart_-_Spanish.png */; };
		0F78F80F1D597D9700DAE36A /* idGeneratedStyles.css in Resources */ = {isa = PBXBuildFile; fileRef = 0F78F8111D597D9700DAE36A /* idGeneratedStyles.css */; };
		0FA620E41D6D3A4A00E48335 /* ChapterTableViewCell.swift in Sources */ = {isa = PBXBuildFile; fileRef = 0FA620E31D6D3A4A00E48335 /* ChapterTableViewCell.swift */; };
		0FA620E61D6D3AA900E48335 /* ChapterSelectionTableViewController.swift in Sources */ = {isa = PBXBuildFile; fileRef = 0FA620E51D6D3AA900E48335 /* ChapterSelectionTableViewController.swift */; };
		0FCA00FD1D60EDCC0020018A /* XCUIApplication+Window.swift in Sources */ = {isa = PBXBuildFile; fileRef = 0FCA00FC1D60EDCC0020018A /* XCUIApplication+Window.swift */; };
		0FCA00FF1D60EEBD0020018A /* BookNavigationBarButtonTests.swift in Sources */ = {isa = PBXBuildFile; fileRef = 0FCA00FE1D60EEBD0020018A /* BookNavigationBarButtonTests.swift */; };
		0FF8F9E41D5ACD2D008666E8 /* BookChapters.plist in Resources */ = {isa = PBXBuildFile; fileRef = 0FF8F9E61D5ACD2D008666E8 /* BookChapters.plist */; };
		0FF8F9EA1D5ACFE4008666E8 /* Book.swift in Sources */ = {isa = PBXBuildFile; fileRef = 0FF8F9E91D5ACFE4008666E8 /* Book.swift */; };
		910C68431D6AE193004E7E7F /* TabIcons.xcassets in Resources */ = {isa = PBXBuildFile; fileRef = 910C68421D6AE193004E7E7F /* TabIcons.xcassets */; };
		91187B201D676FFB0098A881 /* BookChapterLayoutTests.swift in Sources */ = {isa = PBXBuildFile; fileRef = 91187B1F1D676FFB0098A881 /* BookChapterLayoutTests.swift */; };
		91187B231D6776A00098A881 /* ChapterTitleView.swift in Sources */ = {isa = PBXBuildFile; fileRef = 91187B221D6776A00098A881 /* ChapterTitleView.swift */; };
		915EEC3D1D460CE1005CC318 /* AppDelegate.swift in Sources */ = {isa = PBXBuildFile; fileRef = 915EEC3C1D460CE1005CC318 /* AppDelegate.swift */; };
		915EEC421D460CE1005CC318 /* TabBar.storyboard in Resources */ = {isa = PBXBuildFile; fileRef = 915EEC401D460CE1005CC318 /* TabBar.storyboard */; };
		915EEC441D460CE1005CC318 /* Assets.xcassets in Resources */ = {isa = PBXBuildFile; fileRef = 915EEC431D460CE1005CC318 /* Assets.xcassets */; };
		915EEC471D460CE1005CC318 /* LaunchScreen.storyboard in Resources */ = {isa = PBXBuildFile; fileRef = 915EEC451D460CE1005CC318 /* LaunchScreen.storyboard */; };
		91AD7CE01D534CEB00FBEBF7 /* TabNavigationLayoutTests.swift in Sources */ = {isa = PBXBuildFile; fileRef = 91AD7CDF1D534CEB00FBEBF7 /* TabNavigationLayoutTests.swift */; };
		91AD7CE21D534D0400FBEBF7 /* TabNavigationDefaultTests.swift in Sources */ = {isa = PBXBuildFile; fileRef = 91AD7CE11D534D0400FBEBF7 /* TabNavigationDefaultTests.swift */; };
		91AD7CE41D534D2500FBEBF7 /* TabNavigationBookTests.swift in Sources */ = {isa = PBXBuildFile; fileRef = 91AD7CE31D534D2500FBEBF7 /* TabNavigationBookTests.swift */; };
		91AD7CE61D534D2D00FBEBF7 /* TabNavigationChartTests.swift in Sources */ = {isa = PBXBuildFile; fileRef = 91AD7CE51D534D2D00FBEBF7 /* TabNavigationChartTests.swift */; };
		91AD7CE81D534D3400FBEBF7 /* TabNavigationHelpTests.swift in Sources */ = {isa = PBXBuildFile; fileRef = 91AD7CE71D534D3400FBEBF7 /* TabNavigationHelpTests.swift */; };
		91AD7CEA1D534D6400FBEBF7 /* XCTestCase+App.swift in Sources */ = {isa = PBXBuildFile; fileRef = 91AD7CE91D534D6400FBEBF7 /* XCTestCase+App.swift */; };
		91AD7CEC1D534D6E00FBEBF7 /* XCUIApplication+SafeLaunch.swift in Sources */ = {isa = PBXBuildFile; fileRef = 91AD7CEB1D534D6E00FBEBF7 /* XCUIApplication+SafeLaunch.swift */; };
		91B88ACD1D58B8E600DFCDB2 /* Chart.swift in Sources */ = {isa = PBXBuildFile; fileRef = 91B88ACC1D58B8E600DFCDB2 /* Chart.swift */; };
		91B88ACF1D58B8EC00DFCDB2 /* ChartController.swift in Sources */ = {isa = PBXBuildFile; fileRef = 91B88ACE1D58B8EC00DFCDB2 /* ChartController.swift */; };
		E7ED2B5D1D52135600F85992 /* EmotionCodeChart.plist in Resources */ = {isa = PBXBuildFile; fileRef = E7ED2B5F1D52135600F85992 /* EmotionCodeChart.plist */; };
/* End PBXBuildFile section */

/* Begin PBXContainerItemProxy section */
		915EEC4E1D460CE1005CC318 /* PBXContainerItemProxy */ = {
			isa = PBXContainerItemProxy;
			containerPortal = 915EEC311D460CE1005CC318 /* Project object */;
			proxyType = 1;
			remoteGlobalIDString = 915EEC381D460CE1005CC318;
			remoteInfo = EmotionCode;
		};
/* End PBXContainerItemProxy section */

/* Begin PBXFileReference section */
		0F1687271D6515A8006C3FE2 /* BookNavigationBarLayoutTests.swift */ = {isa = PBXFileReference; fileEncoding = 4; lastKnownFileType = sourcecode.swift; path = BookNavigationBarLayoutTests.swift; sourceTree = "<group>"; };
		0F283E3F1D6DF24E00A38B89 /* BookSegueController.swift */ = {isa = PBXFileReference; fileEncoding = 4; lastKnownFileType = sourcecode.swift; path = BookSegueController.swift; sourceTree = "<group>"; };
		0F283E411D6DF93000A38B89 /* BookChapterSelectionLayoutTests.swift */ = {isa = PBXFileReference; fileEncoding = 4; lastKnownFileType = sourcecode.swift; path = BookChapterSelectionLayoutTests.swift; sourceTree = "<group>"; };
		0F283E431D6DFC8A00A38B89 /* BookChapterSelectionTests.swift */ = {isa = PBXFileReference; fileEncoding = 4; lastKnownFileType = sourcecode.swift; path = BookChapterSelectionTests.swift; sourceTree = "<group>"; };
		0F28D0B61D4E74E3002C98E7 /* Base */ = {isa = PBXFileReference; lastKnownFileType = file.storyboard; name = Base; path = Base.lproj/Book.storyboard; sourceTree = "<group>"; };
		0F28D0B91D4E7501002C98E7 /* Base */ = {isa = PBXFileReference; lastKnownFileType = file.storyboard; name = Base; path = Base.lproj/Chart.storyboard; sourceTree = "<group>"; };
		0F28D0BC1D4E755B002C98E7 /* Base */ = {isa = PBXFileReference; lastKnownFileType = file.storyboard; name = Base; path = Base.lproj/Help.storyboard; sourceTree = "<group>"; };
		0F3936631D5B9374003CC6C0 /* BookController.swift */ = {isa = PBXFileReference; fileEncoding = 4; lastKnownFileType = sourcecode.swift; path = BookController.swift; sourceTree = "<group>"; };
		0F3EAFDD1D6CA34B0059C312 /* XCUIElementQuery+First.swift */ = {isa = PBXFileReference; fileEncoding = 4; lastKnownFileType = sourcecode.swift; path = "XCUIElementQuery+First.swift"; sourceTree = "<group>"; };
		0F3EAFDF1D6CD6480059C312 /* BookChapterView.swift */ = {isa = PBXFileReference; fileEncoding = 4; lastKnownFileType = sourcecode.swift; path = BookChapterView.swift; sourceTree = "<group>"; };
		0F464FB31D621D4E0036D762 /* BookSwipeGesturesTests.swift */ = {isa = PBXFileReference; fileEncoding = 4; lastKnownFileType = sourcecode.swift; path = BookSwipeGesturesTests.swift; sourceTree = "<group>"; };
		0F4BA9C71D636765003CCFE9 /* BookPageViewController.swift */ = {isa = PBXFileReference; fileEncoding = 4; lastKnownFileType = sourcecode.swift; path = BookPageViewController.swift; sourceTree = "<group>"; };
		0F4BA9C91D6368DA003CCFE9 /* BookChapterViewController.swift */ = {isa = PBXFileReference; fileEncoding = 4; lastKnownFileType = sourcecode.swift; path = BookChapterViewController.swift; sourceTree = "<group>"; };
		0F78F7311D596F3D00DAE36A /* Base */ = {isa = PBXFileReference; lastKnownFileType = text.html; name = Base; path = Base.lproj/chapter1.html; sourceTree = "<group>"; };
		0F78F7331D596F3E00DAE36A /* en */ = {isa = PBXFileReference; lastKnownFileType = text.html; name = en; path = en.lproj/chapter1.html; sourceTree = "<group>"; };
		0F78F7341D596F3F00DAE36A /* es */ = {isa = PBXFileReference; lastKnownFileType = text.html; name = es; path = es.lproj/chapter1.html; sourceTree = "<group>"; };
		0F78F73C1D59703100DAE36A /* Body-Code-Digital-Glory-2.0_Render.png */ = {isa = PBXFileReference; lastKnownFileType = image.png; path = "Body-Code-Digital-Glory-2.0_Render.png"; sourceTree = "<group>"; };
		0F78F73D1D59703100DAE36A /* FLowChart.jpg */ = {isa = PBXFileReference; lastKnownFileType = image.jpeg; path = FLowChart.jpg; sourceTree = "<group>"; };
		0F78F73E1D59703100DAE36A /* governing_front.png */ = {isa = PBXFileReference; lastKnownFileType = image.png; path = governing_front.png; sourceTree = "<group>"; };
		0F78F73F1D59703100DAE36A /* governing_front1.png */ = {isa = PBXFileReference; lastKnownFileType = image.png; path = governing_front1.png; sourceTree = "<group>"; };
		0F78F7401D59703100DAE36A /* governing-back.png */ = {isa = PBXFileReference; lastKnownFileType = image.png; path = "governing-back.png"; sourceTree = "<group>"; };
		0F78F7411D59703100DAE36A /* governing-back1.png */ = {isa = PBXFileReference; lastKnownFileType = image.png; path = "governing-back1.png"; sourceTree = "<group>"; };
		0F78F7421D59703100DAE36A /* Heart-Wall_FlowChart_rev_4-1-2010.png */ = {isa = PBXFileReference; lastKnownFileType = image.png; path = "Heart-Wall_FlowChart_rev_4-1-2010.png"; sourceTree = "<group>"; };
		0F78F7431D59703100DAE36A /* kirlian_halvblad.png */ = {isa = PBXFileReference; lastKnownFileType = image.png; path = kirlian_halvblad.png; sourceTree = "<group>"; };
		0F78F7441D59703100DAE36A /* MT-Falling_Log_DOWN.png */ = {isa = PBXFileReference; lastKnownFileType = image.png; path = "MT-Falling_Log_DOWN.png"; sourceTree = "<group>"; };
		0F78F7451D59703100DAE36A /* MT-Falling_Log_UP.png */ = {isa = PBXFileReference; lastKnownFileType = image.png; path = "MT-Falling_Log_UP.png"; sourceTree = "<group>"; };
		0F78F7461D59703100DAE36A /* MT-Hand_Solo_DOWN.png */ = {isa = PBXFileReference; lastKnownFileType = image.png; path = "MT-Hand_Solo_DOWN.png"; sourceTree = "<group>"; };
		0F78F7471D59703100DAE36A /* MT-Hand_Solo_UP.png */ = {isa = PBXFileReference; lastKnownFileType = image.png; path = "MT-Hand_Solo_UP.png"; sourceTree = "<group>"; };
		0F78F7481D59703100DAE36A /* MT-Hole_in_One_CLOSED.png */ = {isa = PBXFileReference; lastKnownFileType = image.png; path = "MT-Hole_in_One_CLOSED.png"; sourceTree = "<group>"; };
		0F78F7491D59703100DAE36A /* MT-Hole_in_One_OPEN.png */ = {isa = PBXFileReference; lastKnownFileType = image.png; path = "MT-Hole_in_One_OPEN.png"; sourceTree = "<group>"; };
		0F78F74A1D59703100DAE36A /* MT-Hole_in_One_Placement.png */ = {isa = PBXFileReference; lastKnownFileType = image.png; path = "MT-Hole_in_One_Placement.png"; sourceTree = "<group>"; };
		0F78F74B1D59703100DAE36A /* MT-Placement.png */ = {isa = PBXFileReference; lastKnownFileType = image.png; path = "MT-Placement.png"; sourceTree = "<group>"; };
		0F78F74C1D59703100DAE36A /* MT-Ring_in_Ring_CLOSED.png */ = {isa = PBXFileReference; lastKnownFileType = image.png; path = "MT-Ring_in_Ring_CLOSED.png"; sourceTree = "<group>"; };
		0F78F74D1D59703100DAE36A /* MT-Ring_in_Ring_OPEN.png */ = {isa = PBXFileReference; lastKnownFileType = image.png; path = "MT-Ring_in_Ring_OPEN.png"; sourceTree = "<group>"; };
		0F78F74E1D59703100DAE36A /* MT-surrogate_testing_adult.png */ = {isa = PBXFileReference; lastKnownFileType = image.png; path = "MT-surrogate_testing_adult.png"; sourceTree = "<group>"; };
		0F78F74F1D59703100DAE36A /* MT-surrogate_testing.png */ = {isa = PBXFileReference; lastKnownFileType = image.png; path = "MT-surrogate_testing.png"; sourceTree = "<group>"; };
		0F78F7501D59703100DAE36A /* MT-Sway_Backward.png */ = {isa = PBXFileReference; lastKnownFileType = image.png; path = "MT-Sway_Backward.png"; sourceTree = "<group>"; };
		0F78F7511D59703100DAE36A /* MT-Sway_Forward.png */ = {isa = PBXFileReference; lastKnownFileType = image.png; path = "MT-Sway_Forward.png"; sourceTree = "<group>"; };
		0F78F7521D59703100DAE36A /* Proxy_Scene.png */ = {isa = PBXFileReference; lastKnownFileType = image.png; path = Proxy_Scene.png; sourceTree = "<group>"; };
		0F78F7531D59703100DAE36A /* Revised_Emotion_Chart,_full.png */ = {isa = PBXFileReference; lastKnownFileType = image.png; path = "Revised_Emotion_Chart,_full.png"; sourceTree = "<group>"; };
		0F78F7541D59703100DAE36A /* Revised_Emotion_Chart,_full1.png */ = {isa = PBXFileReference; lastKnownFileType = image.png; path = "Revised_Emotion_Chart,_full1.png"; sourceTree = "<group>"; };
		0F78F7551D59703100DAE36A /* Revised_Emotion_Chart,_sample.png */ = {isa = PBXFileReference; lastKnownFileType = image.png; path = "Revised_Emotion_Chart,_sample.png"; sourceTree = "<group>"; };
		0F78F7561D59703100DAE36A /* Smiling_face.png */ = {isa = PBXFileReference; lastKnownFileType = image.png; path = Smiling_face.png; sourceTree = "<group>"; };
		0F78F7571D59703100DAE36A /* Trapped_Emotion_FlowChart_rev_4-1-2010.png */ = {isa = PBXFileReference; lastKnownFileType = image.png; path = "Trapped_Emotion_FlowChart_rev_4-1-2010.png"; sourceTree = "<group>"; };
		0F78F7581D59703100DAE36A /* Tuning_Forks.png */ = {isa = PBXFileReference; lastKnownFileType = image.png; path = Tuning_Forks.png; sourceTree = "<group>"; };
		0F78F7CA1D5971B500DAE36A /* Base */ = {isa = PBXFileReference; lastKnownFileType = text.html; name = Base; path = Base.lproj/chapter2.html; sourceTree = "<group>"; };
		0F78F7CC1D5971B600DAE36A /* en */ = {isa = PBXFileReference; lastKnownFileType = text.html; name = en; path = en.lproj/chapter2.html; sourceTree = "<group>"; };
		0F78F7CD1D5971B700DAE36A /* es */ = {isa = PBXFileReference; lastKnownFileType = text.html; name = es; path = es.lproj/chapter2.html; sourceTree = "<group>"; };
		0F78F7CF1D5971BB00DAE36A /* Base */ = {isa = PBXFileReference; lastKnownFileType = text.html; name = Base; path = Base.lproj/chapter3.html; sourceTree = "<group>"; };
		0F78F7D11D5971BD00DAE36A /* en */ = {isa = PBXFileReference; lastKnownFileType = text.html; name = en; path = en.lproj/chapter3.html; sourceTree = "<group>"; };
		0F78F7D21D5971BE00DAE36A /* es */ = {isa = PBXFileReference; lastKnownFileType = text.html; name = es; path = es.lproj/chapter3.html; sourceTree = "<group>"; };
		0F78F7D41D5971C200DAE36A /* Base */ = {isa = PBXFileReference; lastKnownFileType = text.html; name = Base; path = Base.lproj/chapter4.html; sourceTree = "<group>"; };
		0F78F7D61D5971C300DAE36A /* en */ = {isa = PBXFileReference; lastKnownFileType = text.html; name = en; path = en.lproj/chapter4.html; sourceTree = "<group>"; };
		0F78F7D71D5971C500DAE36A /* es */ = {isa = PBXFileReference; lastKnownFileType = text.html; name = es; path = es.lproj/chapter4.html; sourceTree = "<group>"; };
		0F78F7D91D5971CA00DAE36A /* Base */ = {isa = PBXFileReference; lastKnownFileType = text.html; name = Base; path = Base.lproj/chapter5.html; sourceTree = "<group>"; };
		0F78F7DB1D5971CC00DAE36A /* en */ = {isa = PBXFileReference; lastKnownFileType = text.html; name = en; path = en.lproj/chapter5.html; sourceTree = "<group>"; };
		0F78F7DC1D5971CD00DAE36A /* es */ = {isa = PBXFileReference; lastKnownFileType = text.html; name = es; path = es.lproj/chapter5.html; sourceTree = "<group>"; };
		0F78F7DE1D5971D200DAE36A /* Base */ = {isa = PBXFileReference; lastKnownFileType = text.html; name = Base; path = Base.lproj/chapter6.html; sourceTree = "<group>"; };
		0F78F7E01D5971D400DAE36A /* en */ = {isa = PBXFileReference; lastKnownFileType = text.html; name = en; path = en.lproj/chapter6.html; sourceTree = "<group>"; };
		0F78F7E11D5971D500DAE36A /* es */ = {isa = PBXFileReference; lastKnownFileType = text.html; name = es; path = es.lproj/chapter6.html; sourceTree = "<group>"; };
		0F78F7E31D5971D900DAE36A /* Base */ = {isa = PBXFileReference; lastKnownFileType = text.html; name = Base; path = Base.lproj/chapter7.html; sourceTree = "<group>"; };
		0F78F7E51D5971DB00DAE36A /* en */ = {isa = PBXFileReference; lastKnownFileType = text.html; name = en; path = en.lproj/chapter7.html; sourceTree = "<group>"; };
		0F78F7E61D5971DC00DAE36A /* es */ = {isa = PBXFileReference; lastKnownFileType = text.html; name = es; path = es.lproj/chapter7.html; sourceTree = "<group>"; };
		0F78F7E81D5971E400DAE36A /* Base */ = {isa = PBXFileReference; lastKnownFileType = text.html; name = Base; path = Base.lproj/chapter8.html; sourceTree = "<group>"; };
		0F78F7EA1D5971E500DAE36A /* en */ = {isa = PBXFileReference; lastKnownFileType = text.html; name = en; path = en.lproj/chapter8.html; sourceTree = "<group>"; };
		0F78F7EB1D5971E600DAE36A /* es */ = {isa = PBXFileReference; lastKnownFileType = text.html; name = es; path = es.lproj/chapter8.html; sourceTree = "<group>"; };
		0F78F7ED1D5971EB00DAE36A /* Base */ = {isa = PBXFileReference; lastKnownFileType = text.html; name = Base; path = Base.lproj/chapter9.html; sourceTree = "<group>"; };
		0F78F7EF1D5971EC00DAE36A /* en */ = {isa = PBXFileReference; lastKnownFileType = text.html; name = en; path = en.lproj/chapter9.html; sourceTree = "<group>"; };
		0F78F7F01D5971ED00DAE36A /* es */ = {isa = PBXFileReference; lastKnownFileType = text.html; name = es; path = es.lproj/chapter9.html; sourceTree = "<group>"; };
		0F78F7F21D5971F200DAE36A /* Base */ = {isa = PBXFileReference; lastKnownFileType = text.html; name = Base; path = Base.lproj/chapter10.html; sourceTree = "<group>"; };
		0F78F7F41D5971F300DAE36A /* en */ = {isa = PBXFileReference; lastKnownFileType = text.html; name = en; path = en.lproj/chapter10.html; sourceTree = "<group>"; };
		0F78F7F51D5971F400DAE36A /* es */ = {isa = PBXFileReference; lastKnownFileType = text.html; name = es; path = es.lproj/chapter10.html; sourceTree = "<group>"; };
		0F78F7F71D5971F800DAE36A /* Base */ = {isa = PBXFileReference; lastKnownFileType = text.html; name = Base; path = "Base.lproj/about-author.html"; sourceTree = "<group>"; };
		0F78F7F91D5971FA00DAE36A /* en */ = {isa = PBXFileReference; lastKnownFileType = text.html; name = en; path = "en.lproj/about-author.html"; sourceTree = "<group>"; };
		0F78F7FA1D5971FB00DAE36A /* es */ = {isa = PBXFileReference; lastKnownFileType = text.html; name = es; path = "es.lproj/about-author.html"; sourceTree = "<group>"; };
		0F78F7FB1D59777F00DAE36A /* FLowChart-Spanish.jpg */ = {isa = PBXFileReference; lastKnownFileType = image.jpeg; path = "FLowChart-Spanish.jpg"; sourceTree = "<group>"; };
		0F78F7FC1D59777F00DAE36A /* TEC_Chart_of_Emotions_Spanish.png */ = {isa = PBXFileReference; lastKnownFileType = image.png; path = TEC_Chart_of_Emotions_Spanish.png; sourceTree = "<group>"; };
		0F78F7FD1D59777F00DAE36A /* TEC_Chart_of_Emotions_Spanish1.png */ = {isa = PBXFileReference; lastKnownFileType = image.png; path = TEC_Chart_of_Emotions_Spanish1.png; sourceTree = "<group>"; };
		0F78F7FE1D59777F00DAE36A /* TEC_Heart-Wall_Flowchart-Spanish.png */ = {isa = PBXFileReference; lastKnownFileType = image.png; path = "TEC_Heart-Wall_Flowchart-Spanish.png"; sourceTree = "<group>"; };
		0F78F7FF1D59777F00DAE36A /* Trapped_Emotion_Flowchart_-_Spanish.png */ = {isa = PBXFileReference; lastKnownFileType = image.png; path = "Trapped_Emotion_Flowchart_-_Spanish.png"; sourceTree = "<group>"; };
		0F78F8101D597D9700DAE36A /* Base */ = {isa = PBXFileReference; lastKnownFileType = text.css; name = Base; path = Base.lproj/idGeneratedStyles.css; sourceTree = "<group>"; };
		0F78F8121D597D9900DAE36A /* en */ = {isa = PBXFileReference; lastKnownFileType = text.css; name = en; path = en.lproj/idGeneratedStyles.css; sourceTree = "<group>"; };
		0F78F8131D597D9A00DAE36A /* es */ = {isa = PBXFileReference; lastKnownFileType = text.css; name = es; path = es.lproj/idGeneratedStyles.css; sourceTree = "<group>"; };
		0FA620E31D6D3A4A00E48335 /* ChapterTableViewCell.swift */ = {isa = PBXFileReference; fileEncoding = 4; lastKnownFileType = sourcecode.swift; path = ChapterTableViewCell.swift; sourceTree = "<group>"; };
		0FA620E51D6D3AA900E48335 /* ChapterSelectionTableViewController.swift */ = {isa = PBXFileReference; fileEncoding = 4; lastKnownFileType = sourcecode.swift; path = ChapterSelectionTableViewController.swift; sourceTree = "<group>"; };
		0FCA00FC1D60EDCC0020018A /* XCUIApplication+Window.swift */ = {isa = PBXFileReference; fileEncoding = 4; lastKnownFileType = sourcecode.swift; path = "XCUIApplication+Window.swift"; sourceTree = "<group>"; };
		0FCA00FE1D60EEBD0020018A /* BookNavigationBarButtonTests.swift */ = {isa = PBXFileReference; fileEncoding = 4; lastKnownFileType = sourcecode.swift; path = BookNavigationBarButtonTests.swift; sourceTree = "<group>"; };
		0FF6418A1D5A725500EDF903 /* MarkupLint.sh */ = {isa = PBXFileReference; lastKnownFileType = text.script.sh; path = MarkupLint.sh; sourceTree = "<group>"; };
		0FF8F9E51D5ACD2D008666E8 /* Base */ = {isa = PBXFileReference; lastKnownFileType = text.plist.xml; name = Base; path = Base.lproj/BookChapters.plist; sourceTree = "<group>"; };
		0FF8F9E71D5ACD2E008666E8 /* en */ = {isa = PBXFileReference; lastKnownFileType = text.plist.xml; name = en; path = en.lproj/BookChapters.plist; sourceTree = "<group>"; };
		0FF8F9E81D5ACD2F008666E8 /* es */ = {isa = PBXFileReference; lastKnownFileType = text.plist.xml; name = es; path = es.lproj/BookChapters.plist; sourceTree = "<group>"; };
		0FF8F9E91D5ACFE4008666E8 /* Book.swift */ = {isa = PBXFileReference; fileEncoding = 4; lastKnownFileType = sourcecode.swift; path = Book.swift; sourceTree = "<group>"; };
		910C68421D6AE193004E7E7F /* TabIcons.xcassets */ = {isa = PBXFileReference; lastKnownFileType = folder.assetcatalog; path = TabIcons.xcassets; sourceTree = "<group>"; };
		91187B1F1D676FFB0098A881 /* BookChapterLayoutTests.swift */ = {isa = PBXFileReference; fileEncoding = 4; lastKnownFileType = sourcecode.swift; path = BookChapterLayoutTests.swift; sourceTree = "<group>"; };
		91187B221D6776A00098A881 /* ChapterTitleView.swift */ = {isa = PBXFileReference; fileEncoding = 4; lastKnownFileType = sourcecode.swift; path = ChapterTitleView.swift; sourceTree = "<group>"; };
		9141D9091D48A2D7009173A9 /* StoryboardLint.sh */ = {isa = PBXFileReference; lastKnownFileType = text.script.sh; path = StoryboardLint.sh; sourceTree = "<group>"; };
		915EEC391D460CE1005CC318 /* EmotionCode.app */ = {isa = PBXFileReference; explicitFileType = wrapper.application; includeInIndex = 0; path = EmotionCode.app; sourceTree = BUILT_PRODUCTS_DIR; };
		915EEC3C1D460CE1005CC318 /* AppDelegate.swift */ = {isa = PBXFileReference; lastKnownFileType = sourcecode.swift; path = AppDelegate.swift; sourceTree = "<group>"; };
		915EEC411D460CE1005CC318 /* Base */ = {isa = PBXFileReference; lastKnownFileType = file.storyboard; name = Base; path = Base.lproj/TabBar.storyboard; sourceTree = "<group>"; };
		915EEC431D460CE1005CC318 /* Assets.xcassets */ = {isa = PBXFileReference; lastKnownFileType = folder.assetcatalog; path = Assets.xcassets; sourceTree = "<group>"; };
		915EEC461D460CE1005CC318 /* Base */ = {isa = PBXFileReference; lastKnownFileType = file.storyboard; name = Base; path = Base.lproj/LaunchScreen.storyboard; sourceTree = "<group>"; };
		915EEC481D460CE1005CC318 /* Info.plist */ = {isa = PBXFileReference; lastKnownFileType = text.plist.xml; path = Info.plist; sourceTree = "<group>"; };
		915EEC4D1D460CE1005CC318 /* EmotionCodeUITests.xctest */ = {isa = PBXFileReference; explicitFileType = wrapper.cfbundle; includeInIndex = 0; path = EmotionCodeUITests.xctest; sourceTree = BUILT_PRODUCTS_DIR; };
		915EEC531D460CE1005CC318 /* Info.plist */ = {isa = PBXFileReference; lastKnownFileType = text.plist.xml; path = Info.plist; sourceTree = "<group>"; };
		91AD7CDF1D534CEB00FBEBF7 /* TabNavigationLayoutTests.swift */ = {isa = PBXFileReference; fileEncoding = 4; lastKnownFileType = sourcecode.swift; path = TabNavigationLayoutTests.swift; sourceTree = "<group>"; };
		91AD7CE11D534D0400FBEBF7 /* TabNavigationDefaultTests.swift */ = {isa = PBXFileReference; fileEncoding = 4; lastKnownFileType = sourcecode.swift; path = TabNavigationDefaultTests.swift; sourceTree = "<group>"; };
		91AD7CE31D534D2500FBEBF7 /* TabNavigationBookTests.swift */ = {isa = PBXFileReference; fileEncoding = 4; lastKnownFileType = sourcecode.swift; path = TabNavigationBookTests.swift; sourceTree = "<group>"; };
		91AD7CE51D534D2D00FBEBF7 /* TabNavigationChartTests.swift */ = {isa = PBXFileReference; fileEncoding = 4; lastKnownFileType = sourcecode.swift; path = TabNavigationChartTests.swift; sourceTree = "<group>"; };
		91AD7CE71D534D3400FBEBF7 /* TabNavigationHelpTests.swift */ = {isa = PBXFileReference; fileEncoding = 4; lastKnownFileType = sourcecode.swift; path = TabNavigationHelpTests.swift; sourceTree = "<group>"; };
		91AD7CE91D534D6400FBEBF7 /* XCTestCase+App.swift */ = {isa = PBXFileReference; fileEncoding = 4; lastKnownFileType = sourcecode.swift; path = "XCTestCase+App.swift"; sourceTree = "<group>"; };
		91AD7CEB1D534D6E00FBEBF7 /* XCUIApplication+SafeLaunch.swift */ = {isa = PBXFileReference; fileEncoding = 4; lastKnownFileType = sourcecode.swift; path = "XCUIApplication+SafeLaunch.swift"; sourceTree = "<group>"; };
		91B88ACC1D58B8E600DFCDB2 /* Chart.swift */ = {isa = PBXFileReference; fileEncoding = 4; lastKnownFileType = sourcecode.swift; path = Chart.swift; sourceTree = "<group>"; };
		91B88ACE1D58B8EC00DFCDB2 /* ChartController.swift */ = {isa = PBXFileReference; fileEncoding = 4; lastKnownFileType = sourcecode.swift; path = ChartController.swift; sourceTree = "<group>"; };
		E7ED2B5E1D52135600F85992 /* Base */ = {isa = PBXFileReference; lastKnownFileType = text.plist.xml; name = Base; path = Base.lproj/EmotionCodeChart.plist; sourceTree = "<group>"; };
		E7ED2B601D52135B00F85992 /* en */ = {isa = PBXFileReference; lastKnownFileType = text.plist.xml; name = en; path = en.lproj/EmotionCodeChart.plist; sourceTree = "<group>"; };
		E7ED2B611D5213DF00F85992 /* es */ = {isa = PBXFileReference; lastKnownFileType = text.plist.xml; name = es; path = es.lproj/EmotionCodeChart.plist; sourceTree = "<group>"; };
/* End PBXFileReference section */

/* Begin PBXFrameworksBuildPhase section */
		915EEC361D460CE1005CC318 /* Frameworks */ = {
			isa = PBXFrameworksBuildPhase;
			buildActionMask = 2147483647;
			files = (
			);
			runOnlyForDeploymentPostprocessing = 0;
		};
		915EEC4A1D460CE1005CC318 /* Frameworks */ = {
			isa = PBXFrameworksBuildPhase;
			buildActionMask = 2147483647;
			files = (
			);
			runOnlyForDeploymentPostprocessing = 0;
		};
/* End PBXFrameworksBuildPhase section */

/* Begin PBXGroup section */
		0F28D0BE1D4E7624002C98E7 /* Controllers */ = {
			isa = PBXGroup;
			children = (
				91B88ACE1D58B8EC00DFCDB2 /* ChartController.swift */,
				0F3936631D5B9374003CC6C0 /* BookController.swift */,
				0F4BA9C71D636765003CCFE9 /* BookPageViewController.swift */,
				0F283E3F1D6DF24E00A38B89 /* BookSegueController.swift */,
				0F4BA9C91D6368DA003CCFE9 /* BookChapterViewController.swift */,
				0FA620E51D6D3AA900E48335 /* ChapterSelectionTableViewController.swift */,
			);
			name = Controllers;
			sourceTree = "<group>";
		};
		0F28D0BF1D4E763B002C98E7 /* Storyboards */ = {
			isa = PBXGroup;
			children = (
				915EEC451D460CE1005CC318 /* LaunchScreen.storyboard */,
				915EEC401D460CE1005CC318 /* TabBar.storyboard */,
				0F28D0B51D4E74E3002C98E7 /* Book.storyboard */,
				0F28D0B81D4E7501002C98E7 /* Chart.storyboard */,
				0F28D0BB1D4E755B002C98E7 /* Help.storyboard */,
			);
			name = Storyboards;
			sourceTree = "<group>";
		};
		0F28D0C01D4E7659002C98E7 /* Shared */ = {
			isa = PBXGroup;
			children = (
				9141D9091D48A2D7009173A9 /* StoryboardLint.sh */,
				0FF6418A1D5A725500EDF903 /* MarkupLint.sh */,
			);
			name = Shared;
			sourceTree = "<group>";
		};
		0F78F72D1D596F2200DAE36A /* Book */ = {
			isa = PBXGroup;
			children = (
				0F78F7321D596F3D00DAE36A /* chapter1.html */,
				0F78F7CB1D5971B500DAE36A /* chapter2.html */,
				0F78F7D01D5971BB00DAE36A /* chapter3.html */,
				0F78F7D51D5971C200DAE36A /* chapter4.html */,
				0F78F7DA1D5971CA00DAE36A /* chapter5.html */,
				0F78F7DF1D5971D200DAE36A /* chapter6.html */,
				0F78F7E41D5971D900DAE36A /* chapter7.html */,
				0F78F7E91D5971E400DAE36A /* chapter8.html */,
				0F78F7EE1D5971EB00DAE36A /* chapter9.html */,
				0F78F7F31D5971F200DAE36A /* chapter10.html */,
				0F78F7F81D5971F800DAE36A /* about-author.html */,
				0F78F8111D597D9700DAE36A /* idGeneratedStyles.css */,
				0F78F80C1D597C6700DAE36A /* images */,
			);
			path = Book;
			sourceTree = "<group>";
		};
		0F78F80C1D597C6700DAE36A /* images */ = {
			isa = PBXGroup;
			children = (
				0F78F73C1D59703100DAE36A /* Body-Code-Digital-Glory-2.0_Render.png */,
				0F78F73D1D59703100DAE36A /* FLowChart.jpg */,
				0F78F7FB1D59777F00DAE36A /* FLowChart-Spanish.jpg */,
				0F78F7FC1D59777F00DAE36A /* TEC_Chart_of_Emotions_Spanish.png */,
				0F78F7FD1D59777F00DAE36A /* TEC_Chart_of_Emotions_Spanish1.png */,
				0F78F7FE1D59777F00DAE36A /* TEC_Heart-Wall_Flowchart-Spanish.png */,
				0F78F7FF1D59777F00DAE36A /* Trapped_Emotion_Flowchart_-_Spanish.png */,
				0F78F73E1D59703100DAE36A /* governing_front.png */,
				0F78F73F1D59703100DAE36A /* governing_front1.png */,
				0F78F7401D59703100DAE36A /* governing-back.png */,
				0F78F7411D59703100DAE36A /* governing-back1.png */,
				0F78F7421D59703100DAE36A /* Heart-Wall_FlowChart_rev_4-1-2010.png */,
				0F78F7431D59703100DAE36A /* kirlian_halvblad.png */,
				0F78F7441D59703100DAE36A /* MT-Falling_Log_DOWN.png */,
				0F78F7451D59703100DAE36A /* MT-Falling_Log_UP.png */,
				0F78F7461D59703100DAE36A /* MT-Hand_Solo_DOWN.png */,
				0F78F7471D59703100DAE36A /* MT-Hand_Solo_UP.png */,
				0F78F7481D59703100DAE36A /* MT-Hole_in_One_CLOSED.png */,
				0F78F7491D59703100DAE36A /* MT-Hole_in_One_OPEN.png */,
				0F78F74A1D59703100DAE36A /* MT-Hole_in_One_Placement.png */,
				0F78F74B1D59703100DAE36A /* MT-Placement.png */,
				0F78F74C1D59703100DAE36A /* MT-Ring_in_Ring_CLOSED.png */,
				0F78F74D1D59703100DAE36A /* MT-Ring_in_Ring_OPEN.png */,
				0F78F74E1D59703100DAE36A /* MT-surrogate_testing_adult.png */,
				0F78F74F1D59703100DAE36A /* MT-surrogate_testing.png */,
				0F78F7501D59703100DAE36A /* MT-Sway_Backward.png */,
				0F78F7511D59703100DAE36A /* MT-Sway_Forward.png */,
				0F78F7521D59703100DAE36A /* Proxy_Scene.png */,
				0F78F7531D59703100DAE36A /* Revised_Emotion_Chart,_full.png */,
				0F78F7541D59703100DAE36A /* Revised_Emotion_Chart,_full1.png */,
				0F78F7551D59703100DAE36A /* Revised_Emotion_Chart,_sample.png */,
				0F78F7561D59703100DAE36A /* Smiling_face.png */,
				0F78F7571D59703100DAE36A /* Trapped_Emotion_FlowChart_rev_4-1-2010.png */,
				0F78F7581D59703100DAE36A /* Tuning_Forks.png */,
			);
			name = images;
			sourceTree = "<group>";
		};
		91187B211D67768C0098A881 /* Views */ = {
			isa = PBXGroup;
			children = (
				91187B221D6776A00098A881 /* ChapterTitleView.swift */,
				0F3EAFDF1D6CD6480059C312 /* BookChapterView.swift */,
				0FA620E31D6D3A4A00E48335 /* ChapterTableViewCell.swift */,
			);
			name = Views;
			sourceTree = "<group>";
		};
		915EEC301D460CE1005CC318 = {
			isa = PBXGroup;
			children = (
				915EEC3B1D460CE1005CC318 /* EmotionCode */,
				915EEC501D460CE1005CC318 /* EmotionCodeUITests */,
				915EEC3A1D460CE1005CC318 /* Products */,
			);
			sourceTree = "<group>";
		};
		915EEC3A1D460CE1005CC318 /* Products */ = {
			isa = PBXGroup;
			children = (
				915EEC391D460CE1005CC318 /* EmotionCode.app */,
				915EEC4D1D460CE1005CC318 /* EmotionCodeUITests.xctest */,
			);
			name = Products;
			sourceTree = "<group>";
		};
		915EEC3B1D460CE1005CC318 /* EmotionCode */ = {
			isa = PBXGroup;
			children = (
				915EEC3C1D460CE1005CC318 /* AppDelegate.swift */,
				E7BF74B01D4F607300AF6198 /* Models */,
				0F28D0BE1D4E7624002C98E7 /* Controllers */,
				91187B211D67768C0098A881 /* Views */,
				0F28D0BF1D4E763B002C98E7 /* Storyboards */,
				0F28D0C01D4E7659002C98E7 /* Shared */,
				915EEC431D460CE1005CC318 /* Assets.xcassets */,
				910C68421D6AE193004E7E7F /* TabIcons.xcassets */,
				915EEC481D460CE1005CC318 /* Info.plist */,
			);
			path = EmotionCode;
			sourceTree = "<group>";
		};
		915EEC501D460CE1005CC318 /* EmotionCodeUITests */ = {
			isa = PBXGroup;
			children = (
				91AD7CDF1D534CEB00FBEBF7 /* TabNavigationLayoutTests.swift */,
				91AD7CE11D534D0400FBEBF7 /* TabNavigationDefaultTests.swift */,
				91AD7CE31D534D2500FBEBF7 /* TabNavigationBookTests.swift */,
				91AD7CE51D534D2D00FBEBF7 /* TabNavigationChartTests.swift */,
				91AD7CE71D534D3400FBEBF7 /* TabNavigationHelpTests.swift */,
				0F1687271D6515A8006C3FE2 /* BookNavigationBarLayoutTests.swift */,
				0FCA00FE1D60EEBD0020018A /* BookNavigationBarButtonTests.swift */,
				0F464FB31D621D4E0036D762 /* BookSwipeGesturesTests.swift */,
				91187B1F1D676FFB0098A881 /* BookChapterLayoutTests.swift */,
				0F283E411D6DF93000A38B89 /* BookChapterSelectionLayoutTests.swift */,
				0F283E431D6DFC8A00A38B89 /* BookChapterSelectionTests.swift */,
				91AD7CE91D534D6400FBEBF7 /* XCTestCase+App.swift */,
				0FCA00FC1D60EDCC0020018A /* XCUIApplication+Window.swift */,
				91AD7CEB1D534D6E00FBEBF7 /* XCUIApplication+SafeLaunch.swift */,
				0F3EAFDD1D6CA34B0059C312 /* XCUIElementQuery+First.swift */,
				915EEC531D460CE1005CC318 /* Info.plist */,
			);
			path = EmotionCodeUITests;
			sourceTree = "<group>";
		};
		E7BF74B01D4F607300AF6198 /* Models */ = {
			isa = PBXGroup;
			children = (
				91B88ACC1D58B8E600DFCDB2 /* Chart.swift */,
				0F78F72D1D596F2200DAE36A /* Book */,
				E7ED2B5F1D52135600F85992 /* EmotionCodeChart.plist */,
				0FF8F9E91D5ACFE4008666E8 /* Book.swift */,
				0FF8F9E61D5ACD2D008666E8 /* BookChapters.plist */,
			);
			name = Models;
			sourceTree = "<group>";
		};
/* End PBXGroup section */

/* Begin PBXNativeTarget section */
		915EEC381D460CE1005CC318 /* EmotionCode */ = {
			isa = PBXNativeTarget;
			buildConfigurationList = 915EEC561D460CE1005CC318 /* Build configuration list for PBXNativeTarget "EmotionCode" */;
			buildPhases = (
				9141D9081D48A256009173A9 /* Run SwiftLint */,
				9141D90B1D48A2F8009173A9 /* Run StoryboardLint */,
				0FF641891D5A6A3100EDF903 /* Run MarkupLint */,
				915EEC351D460CE1005CC318 /* Sources */,
				915EEC361D460CE1005CC318 /* Frameworks */,
				915EEC371D460CE1005CC318 /* Resources */,
			);
			buildRules = (
			);
			dependencies = (
			);
			name = EmotionCode;
			productName = EmotionCode;
			productReference = 915EEC391D460CE1005CC318 /* EmotionCode.app */;
			productType = "com.apple.product-type.application";
		};
		915EEC4C1D460CE1005CC318 /* EmotionCodeUITests */ = {
			isa = PBXNativeTarget;
			buildConfigurationList = 915EEC591D460CE1005CC318 /* Build configuration list for PBXNativeTarget "EmotionCodeUITests" */;
			buildPhases = (
				915EEC491D460CE1005CC318 /* Sources */,
				915EEC4A1D460CE1005CC318 /* Frameworks */,
				915EEC4B1D460CE1005CC318 /* Resources */,
			);
			buildRules = (
			);
			dependencies = (
				915EEC4F1D460CE1005CC318 /* PBXTargetDependency */,
			);
			name = EmotionCodeUITests;
			productName = EmotionCodeUITests;
			productReference = 915EEC4D1D460CE1005CC318 /* EmotionCodeUITests.xctest */;
			productType = "com.apple.product-type.bundle.ui-testing";
		};
/* End PBXNativeTarget section */

/* Begin PBXProject section */
		915EEC311D460CE1005CC318 /* Project object */ = {
			isa = PBXProject;
			attributes = {
				LastSwiftUpdateCheck = 0730;
				LastUpgradeCheck = 0730;
				ORGANIZATIONNAME = DiscoverHealing.com;
				TargetAttributes = {
					915EEC381D460CE1005CC318 = {
						CreatedOnToolsVersion = 7.3.1;
						DevelopmentTeam = 977T8AV26N;
					};
					915EEC4C1D460CE1005CC318 = {
						CreatedOnToolsVersion = 7.3.1;
						TestTargetID = 915EEC381D460CE1005CC318;
					};
				};
			};
			buildConfigurationList = 915EEC341D460CE1005CC318 /* Build configuration list for PBXProject "EmotionCode" */;
			compatibilityVersion = "Xcode 3.2";
			developmentRegion = English;
			hasScannedForEncodings = 0;
			knownRegions = (
				en,
				Base,
				es,
			);
			mainGroup = 915EEC301D460CE1005CC318;
			productRefGroup = 915EEC3A1D460CE1005CC318 /* Products */;
			projectDirPath = "";
			projectRoot = "";
			targets = (
				915EEC381D460CE1005CC318 /* EmotionCode */,
				915EEC4C1D460CE1005CC318 /* EmotionCodeUITests */,
			);
		};
/* End PBXProject section */

/* Begin PBXResourcesBuildPhase section */
		915EEC371D460CE1005CC318 /* Resources */ = {
			isa = PBXResourcesBuildPhase;
			buildActionMask = 2147483647;
			files = (
				0F78F7301D596F3D00DAE36A /* chapter1.html in Resources */,
				0F78F7C91D5971B500DAE36A /* chapter2.html in Resources */,
				0F78F7611D59703100DAE36A /* MT-Falling_Log_DOWN.png in Resources */,
				0F78F7F61D5971F800DAE36A /* about-author.html in Resources */,
				0F78F75B1D59703100DAE36A /* governing_front.png in Resources */,
				0F78F7DD1D5971D200DAE36A /* chapter6.html in Resources */,
				0F78F75C1D59703100DAE36A /* governing_front1.png in Resources */,
				0F78F7721D59703100DAE36A /* Revised_Emotion_Chart,_sample.png in Resources */,
				0F78F7671D59703100DAE36A /* MT-Hole_in_One_Placement.png in Resources */,
				0F78F7651D59703100DAE36A /* MT-Hole_in_One_CLOSED.png in Resources */,
				0F78F7641D59703100DAE36A /* MT-Hand_Solo_UP.png in Resources */,
				0F78F7E21D5971D900DAE36A /* chapter7.html in Resources */,
				0F78F7D81D5971CA00DAE36A /* chapter5.html in Resources */,
				915EEC471D460CE1005CC318 /* LaunchScreen.storyboard in Resources */,
				0F78F7741D59703100DAE36A /* Trapped_Emotion_FlowChart_rev_4-1-2010.png in Resources */,
				0F78F75E1D59703100DAE36A /* governing-back1.png in Resources */,
				0F78F76B1D59703100DAE36A /* MT-surrogate_testing_adult.png in Resources */,
				0F78F8011D59777F00DAE36A /* TEC_Chart_of_Emotions_Spanish.png in Resources */,
				0F78F7CE1D5971BB00DAE36A /* chapter3.html in Resources */,
				910C68431D6AE193004E7E7F /* TabIcons.xcassets in Resources */,
				0F78F75D1D59703100DAE36A /* governing-back.png in Resources */,
				0FF8F9E41D5ACD2D008666E8 /* BookChapters.plist in Resources */,
				0F28D0BD1D4E755B002C98E7 /* Help.storyboard in Resources */,
				0F78F7661D59703100DAE36A /* MT-Hole_in_One_OPEN.png in Resources */,
				0F78F7701D59703100DAE36A /* Revised_Emotion_Chart,_full.png in Resources */,
				0F78F7711D59703100DAE36A /* Revised_Emotion_Chart,_full1.png in Resources */,
				0F78F7E71D5971E400DAE36A /* chapter8.html in Resources */,
				0F78F76D1D59703100DAE36A /* MT-Sway_Backward.png in Resources */,
				0F78F7F11D5971F200DAE36A /* chapter10.html in Resources */,
				0F28D0B71D4E74E3002C98E7 /* Book.storyboard in Resources */,
				0F78F8001D59777F00DAE36A /* FLowChart-Spanish.jpg in Resources */,
				0F78F7691D59703100DAE36A /* MT-Ring_in_Ring_CLOSED.png in Resources */,
				0F78F7591D59703100DAE36A /* Body-Code-Digital-Glory-2.0_Render.png in Resources */,
				0F78F76F1D59703100DAE36A /* Proxy_Scene.png in Resources */,
				E7ED2B5D1D52135600F85992 /* EmotionCodeChart.plist in Resources */,
				0F78F7621D59703100DAE36A /* MT-Falling_Log_UP.png in Resources */,
				0F28D0BA1D4E7501002C98E7 /* Chart.storyboard in Resources */,
				0F78F75A1D59703100DAE36A /* FLowChart.jpg in Resources */,
				0F78F8041D59777F00DAE36A /* Trapped_Emotion_Flowchart_-_Spanish.png in Resources */,
				915EEC441D460CE1005CC318 /* Assets.xcassets in Resources */,
				0F78F7681D59703100DAE36A /* MT-Placement.png in Resources */,
				0F78F7751D59703100DAE36A /* Tuning_Forks.png in Resources */,
				915EEC421D460CE1005CC318 /* TabBar.storyboard in Resources */,
				0F78F7631D59703100DAE36A /* MT-Hand_Solo_DOWN.png in Resources */,
				0F78F80F1D597D9700DAE36A /* idGeneratedStyles.css in Resources */,
				0F78F8021D59777F00DAE36A /* TEC_Chart_of_Emotions_Spanish1.png in Resources */,
				0F78F76E1D59703100DAE36A /* MT-Sway_Forward.png in Resources */,
				0F78F7D31D5971C200DAE36A /* chapter4.html in Resources */,
				0F78F7601D59703100DAE36A /* kirlian_halvblad.png in Resources */,
				0F78F7731D59703100DAE36A /* Smiling_face.png in Resources */,
				0F78F8031D59777F00DAE36A /* TEC_Heart-Wall_Flowchart-Spanish.png in Resources */,
				0F78F76C1D59703100DAE36A /* MT-surrogate_testing.png in Resources */,
				0F78F76A1D59703100DAE36A /* MT-Ring_in_Ring_OPEN.png in Resources */,
				0F78F75F1D59703100DAE36A /* Heart-Wall_FlowChart_rev_4-1-2010.png in Resources */,
				0F78F7EC1D5971EB00DAE36A /* chapter9.html in Resources */,
			);
			runOnlyForDeploymentPostprocessing = 0;
		};
		915EEC4B1D460CE1005CC318 /* Resources */ = {
			isa = PBXResourcesBuildPhase;
			buildActionMask = 2147483647;
			files = (
			);
			runOnlyForDeploymentPostprocessing = 0;
		};
/* End PBXResourcesBuildPhase section */

/* Begin PBXShellScriptBuildPhase section */
		0FF641891D5A6A3100EDF903 /* Run MarkupLint */ = {
			isa = PBXShellScriptBuildPhase;
			buildActionMask = 2147483647;
			files = (
			);
			inputPaths = (
			);
			name = "Run MarkupLint";
			outputPaths = (
			);
			runOnlyForDeploymentPostprocessing = 0;
			shellPath = /bin/sh;
			shellScript = "\"$PROJECT_NAME\"/MarkupLint.sh";
			showEnvVarsInLog = 0;
		};
		9141D9081D48A256009173A9 /* Run SwiftLint */ = {
			isa = PBXShellScriptBuildPhase;
			buildActionMask = 2147483647;
			files = (
			);
			inputPaths = (
			);
			name = "Run SwiftLint";
			outputPaths = (
			);
			runOnlyForDeploymentPostprocessing = 0;
			shellPath = /bin/sh;
			shellScript = "swiftlint lint --strict";
			showEnvVarsInLog = 0;
		};
		9141D90B1D48A2F8009173A9 /* Run StoryboardLint */ = {
			isa = PBXShellScriptBuildPhase;
			buildActionMask = 2147483647;
			files = (
			);
			inputPaths = (
			);
			name = "Run StoryboardLint";
			outputPaths = (
			);
			runOnlyForDeploymentPostprocessing = 0;
			shellPath = /bin/sh;
			shellScript = "\"$PROJECT_NAME\"/StoryboardLint.sh";
			showEnvVarsInLog = 0;
		};
/* End PBXShellScriptBuildPhase section */

/* Begin PBXSourcesBuildPhase section */
		915EEC351D460CE1005CC318 /* Sources */ = {
			isa = PBXSourcesBuildPhase;
			buildActionMask = 2147483647;
			files = (
				91187B231D6776A00098A881 /* ChapterTitleView.swift in Sources */,
				91B88ACF1D58B8EC00DFCDB2 /* ChartController.swift in Sources */,
				0F3936641D5B9374003CC6C0 /* BookController.swift in Sources */,
				91B88ACD1D58B8E600DFCDB2 /* Chart.swift in Sources */,
				0FF8F9EA1D5ACFE4008666E8 /* Book.swift in Sources */,
				0F3EAFE01D6CD6480059C312 /* BookChapterView.swift in Sources */,
				0F4BA9C81D636765003CCFE9 /* BookPageViewController.swift in Sources */,
				0FA620E41D6D3A4A00E48335 /* ChapterTableViewCell.swift in Sources */,
				0F283E401D6DF24E00A38B89 /* BookSegueController.swift in Sources */,
				915EEC3D1D460CE1005CC318 /* AppDelegate.swift in Sources */,
				0FA620E61D6D3AA900E48335 /* ChapterSelectionTableViewController.swift in Sources */,
				0F4BA9CA1D6368DA003CCFE9 /* BookChapterViewController.swift in Sources */,
			);
			runOnlyForDeploymentPostprocessing = 0;
		};
		915EEC491D460CE1005CC318 /* Sources */ = {
			isa = PBXSourcesBuildPhase;
			buildActionMask = 2147483647;
			files = (
				91AD7CE41D534D2500FBEBF7 /* TabNavigationBookTests.swift in Sources */,
				91AD7CEC1D534D6E00FBEBF7 /* XCUIApplication+SafeLaunch.swift in Sources */,
				0F283E441D6DFC8A00A38B89 /* BookChapterSelectionTests.swift in Sources */,
				91AD7CE81D534D3400FBEBF7 /* TabNavigationHelpTests.swift in Sources */,
				91AD7CE21D534D0400FBEBF7 /* TabNavigationDefaultTests.swift in Sources */,
				0FCA00FD1D60EDCC0020018A /* XCUIApplication+Window.swift in Sources */,
				0F3EAFDE1D6CA34B0059C312 /* XCUIElementQuery+First.swift in Sources */,
				0FCA00FF1D60EEBD0020018A /* BookNavigationBarButtonTests.swift in Sources */,
				91187B201D676FFB0098A881 /* BookChapterLayoutTests.swift in Sources */,
				91AD7CE61D534D2D00FBEBF7 /* TabNavigationChartTests.swift in Sources */,
				91AD7CEA1D534D6400FBEBF7 /* XCTestCase+App.swift in Sources */,
				0F1687281D6515A8006C3FE2 /* BookNavigationBarLayoutTests.swift in Sources */,
				0F283E421D6DF93000A38B89 /* BookChapterSelectionLayoutTests.swift in Sources */,
				0F464FB41D621D4E0036D762 /* BookSwipeGesturesTests.swift in Sources */,
				91AD7CE01D534CEB00FBEBF7 /* TabNavigationLayoutTests.swift in Sources */,
			);
			runOnlyForDeploymentPostprocessing = 0;
		};
/* End PBXSourcesBuildPhase section */

/* Begin PBXTargetDependency section */
		915EEC4F1D460CE1005CC318 /* PBXTargetDependency */ = {
			isa = PBXTargetDependency;
			target = 915EEC381D460CE1005CC318 /* EmotionCode */;
			targetProxy = 915EEC4E1D460CE1005CC318 /* PBXContainerItemProxy */;
		};
/* End PBXTargetDependency section */

/* Begin PBXVariantGroup section */
		0F28D0B51D4E74E3002C98E7 /* Book.storyboard */ = {
			isa = PBXVariantGroup;
			children = (
				0F28D0B61D4E74E3002C98E7 /* Base */,
			);
			name = Book.storyboard;
			sourceTree = "<group>";
		};
		0F28D0B81D4E7501002C98E7 /* Chart.storyboard */ = {
			isa = PBXVariantGroup;
			children = (
				0F28D0B91D4E7501002C98E7 /* Base */,
			);
			name = Chart.storyboard;
			sourceTree = "<group>";
		};
		0F28D0BB1D4E755B002C98E7 /* Help.storyboard */ = {
			isa = PBXVariantGroup;
			children = (
				0F28D0BC1D4E755B002C98E7 /* Base */,
			);
			name = Help.storyboard;
			sourceTree = "<group>";
		};
		0F78F7321D596F3D00DAE36A /* chapter1.html */ = {
			isa = PBXVariantGroup;
			children = (
				0F78F7311D596F3D00DAE36A /* Base */,
				0F78F7331D596F3E00DAE36A /* en */,
				0F78F7341D596F3F00DAE36A /* es */,
			);
			name = chapter1.html;
			sourceTree = "<group>";
		};
		0F78F7CB1D5971B500DAE36A /* chapter2.html */ = {
			isa = PBXVariantGroup;
			children = (
				0F78F7CA1D5971B500DAE36A /* Base */,
				0F78F7CC1D5971B600DAE36A /* en */,
				0F78F7CD1D5971B700DAE36A /* es */,
			);
			name = chapter2.html;
			sourceTree = "<group>";
		};
		0F78F7D01D5971BB00DAE36A /* chapter3.html */ = {
			isa = PBXVariantGroup;
			children = (
				0F78F7CF1D5971BB00DAE36A /* Base */,
				0F78F7D11D5971BD00DAE36A /* en */,
				0F78F7D21D5971BE00DAE36A /* es */,
			);
			name = chapter3.html;
			sourceTree = "<group>";
		};
		0F78F7D51D5971C200DAE36A /* chapter4.html */ = {
			isa = PBXVariantGroup;
			children = (
				0F78F7D41D5971C200DAE36A /* Base */,
				0F78F7D61D5971C300DAE36A /* en */,
				0F78F7D71D5971C500DAE36A /* es */,
			);
			name = chapter4.html;
			sourceTree = "<group>";
		};
		0F78F7DA1D5971CA00DAE36A /* chapter5.html */ = {
			isa = PBXVariantGroup;
			children = (
				0F78F7D91D5971CA00DAE36A /* Base */,
				0F78F7DB1D5971CC00DAE36A /* en */,
				0F78F7DC1D5971CD00DAE36A /* es */,
			);
			name = chapter5.html;
			sourceTree = "<group>";
		};
		0F78F7DF1D5971D200DAE36A /* chapter6.html */ = {
			isa = PBXVariantGroup;
			children = (
				0F78F7DE1D5971D200DAE36A /* Base */,
				0F78F7E01D5971D400DAE36A /* en */,
				0F78F7E11D5971D500DAE36A /* es */,
			);
			name = chapter6.html;
			sourceTree = "<group>";
		};
		0F78F7E41D5971D900DAE36A /* chapter7.html */ = {
			isa = PBXVariantGroup;
			children = (
				0F78F7E31D5971D900DAE36A /* Base */,
				0F78F7E51D5971DB00DAE36A /* en */,
				0F78F7E61D5971DC00DAE36A /* es */,
			);
			name = chapter7.html;
			sourceTree = "<group>";
		};
		0F78F7E91D5971E400DAE36A /* chapter8.html */ = {
			isa = PBXVariantGroup;
			children = (
				0F78F7E81D5971E400DAE36A /* Base */,
				0F78F7EA1D5971E500DAE36A /* en */,
				0F78F7EB1D5971E600DAE36A /* es */,
			);
			name = chapter8.html;
			sourceTree = "<group>";
		};
		0F78F7EE1D5971EB00DAE36A /* chapter9.html */ = {
			isa = PBXVariantGroup;
			children = (
				0F78F7ED1D5971EB00DAE36A /* Base */,
				0F78F7EF1D5971EC00DAE36A /* en */,
				0F78F7F01D5971ED00DAE36A /* es */,
			);
			name = chapter9.html;
			sourceTree = "<group>";
		};
		0F78F7F31D5971F200DAE36A /* chapter10.html */ = {
			isa = PBXVariantGroup;
			children = (
				0F78F7F21D5971F200DAE36A /* Base */,
				0F78F7F41D5971F300DAE36A /* en */,
				0F78F7F51D5971F400DAE36A /* es */,
			);
			name = chapter10.html;
			sourceTree = "<group>";
		};
		0F78F7F81D5971F800DAE36A /* about-author.html */ = {
			isa = PBXVariantGroup;
			children = (
				0F78F7F71D5971F800DAE36A /* Base */,
				0F78F7F91D5971FA00DAE36A /* en */,
				0F78F7FA1D5971FB00DAE36A /* es */,
			);
			name = "about-author.html";
			sourceTree = "<group>";
		};
		0F78F8111D597D9700DAE36A /* idGeneratedStyles.css */ = {
			isa = PBXVariantGroup;
			children = (
				0F78F8101D597D9700DAE36A /* Base */,
				0F78F8121D597D9900DAE36A /* en */,
				0F78F8131D597D9A00DAE36A /* es */,
			);
			name = idGeneratedStyles.css;
			sourceTree = "<group>";
		};
		0FF8F9E61D5ACD2D008666E8 /* BookChapters.plist */ = {
			isa = PBXVariantGroup;
			children = (
				0FF8F9E51D5ACD2D008666E8 /* Base */,
				0FF8F9E71D5ACD2E008666E8 /* en */,
				0FF8F9E81D5ACD2F008666E8 /* es */,
			);
			name = BookChapters.plist;
			sourceTree = "<group>";
		};
		915EEC401D460CE1005CC318 /* TabBar.storyboard */ = {
			isa = PBXVariantGroup;
			children = (
				915EEC411D460CE1005CC318 /* Base */,
			);
			name = TabBar.storyboard;
			sourceTree = "<group>";
		};
		915EEC451D460CE1005CC318 /* LaunchScreen.storyboard */ = {
			isa = PBXVariantGroup;
			children = (
				915EEC461D460CE1005CC318 /* Base */,
			);
			name = LaunchScreen.storyboard;
			sourceTree = "<group>";
		};
		E7ED2B5F1D52135600F85992 /* EmotionCodeChart.plist */ = {
			isa = PBXVariantGroup;
			children = (
				E7ED2B5E1D52135600F85992 /* Base */,
				E7ED2B601D52135B00F85992 /* en */,
				E7ED2B611D5213DF00F85992 /* es */,
			);
			name = EmotionCodeChart.plist;
			sourceTree = "<group>";
		};
/* End PBXVariantGroup section */

/* Begin XCBuildConfiguration section */
		915EEC541D460CE1005CC318 /* Debug */ = {
			isa = XCBuildConfiguration;
			buildSettings = {
				ALWAYS_SEARCH_USER_PATHS = NO;
				CLANG_ANALYZER_NONNULL = YES;
				CLANG_CXX_LANGUAGE_STANDARD = "gnu++0x";
				CLANG_CXX_LIBRARY = "libc++";
				CLANG_ENABLE_MODULES = YES;
				CLANG_ENABLE_OBJC_ARC = YES;
				CLANG_WARN_BOOL_CONVERSION = YES;
				CLANG_WARN_CONSTANT_CONVERSION = YES;
				CLANG_WARN_DIRECT_OBJC_ISA_USAGE = YES_ERROR;
				CLANG_WARN_EMPTY_BODY = YES;
				CLANG_WARN_ENUM_CONVERSION = YES;
				CLANG_WARN_INT_CONVERSION = YES;
				CLANG_WARN_OBJC_ROOT_CLASS = YES_ERROR;
				CLANG_WARN_UNREACHABLE_CODE = YES;
				CLANG_WARN__DUPLICATE_METHOD_MATCH = YES;
				"CODE_SIGN_IDENTITY[sdk=iphoneos*]" = "iPhone Developer";
				COPY_PHASE_STRIP = NO;
				DEBUG_INFORMATION_FORMAT = dwarf;
				ENABLE_STRICT_OBJC_MSGSEND = YES;
				ENABLE_TESTABILITY = YES;
				GCC_C_LANGUAGE_STANDARD = gnu99;
				GCC_DYNAMIC_NO_PIC = NO;
				GCC_NO_COMMON_BLOCKS = YES;
				GCC_OPTIMIZATION_LEVEL = 0;
				GCC_PREPROCESSOR_DEFINITIONS = (
					"DEBUG=1",
					"$(inherited)",
				);
				GCC_WARN_64_TO_32_BIT_CONVERSION = YES;
				GCC_WARN_ABOUT_RETURN_TYPE = YES_ERROR;
				GCC_WARN_UNDECLARED_SELECTOR = YES;
				GCC_WARN_UNINITIALIZED_AUTOS = YES_AGGRESSIVE;
				GCC_WARN_UNUSED_FUNCTION = YES;
				GCC_WARN_UNUSED_VARIABLE = YES;
				IPHONEOS_DEPLOYMENT_TARGET = 9.3;
				MTL_ENABLE_DEBUG_INFO = YES;
				ONLY_ACTIVE_ARCH = YES;
				SDKROOT = iphoneos;
				SWIFT_OPTIMIZATION_LEVEL = "-Onone";
				TARGETED_DEVICE_FAMILY = "1,2";
			};
			name = Debug;
		};
		915EEC551D460CE1005CC318 /* Release */ = {
			isa = XCBuildConfiguration;
			buildSettings = {
				ALWAYS_SEARCH_USER_PATHS = NO;
				CLANG_ANALYZER_NONNULL = YES;
				CLANG_CXX_LANGUAGE_STANDARD = "gnu++0x";
				CLANG_CXX_LIBRARY = "libc++";
				CLANG_ENABLE_MODULES = YES;
				CLANG_ENABLE_OBJC_ARC = YES;
				CLANG_WARN_BOOL_CONVERSION = YES;
				CLANG_WARN_CONSTANT_CONVERSION = YES;
				CLANG_WARN_DIRECT_OBJC_ISA_USAGE = YES_ERROR;
				CLANG_WARN_EMPTY_BODY = YES;
				CLANG_WARN_ENUM_CONVERSION = YES;
				CLANG_WARN_INT_CONVERSION = YES;
				CLANG_WARN_OBJC_ROOT_CLASS = YES_ERROR;
				CLANG_WARN_UNREACHABLE_CODE = YES;
				CLANG_WARN__DUPLICATE_METHOD_MATCH = YES;
				"CODE_SIGN_IDENTITY[sdk=iphoneos*]" = "iPhone Developer";
				COPY_PHASE_STRIP = NO;
				DEBUG_INFORMATION_FORMAT = "dwarf-with-dsym";
				ENABLE_NS_ASSERTIONS = NO;
				ENABLE_STRICT_OBJC_MSGSEND = YES;
				GCC_C_LANGUAGE_STANDARD = gnu99;
				GCC_NO_COMMON_BLOCKS = YES;
				GCC_WARN_64_TO_32_BIT_CONVERSION = YES;
				GCC_WARN_ABOUT_RETURN_TYPE = YES_ERROR;
				GCC_WARN_UNDECLARED_SELECTOR = YES;
				GCC_WARN_UNINITIALIZED_AUTOS = YES_AGGRESSIVE;
				GCC_WARN_UNUSED_FUNCTION = YES;
				GCC_WARN_UNUSED_VARIABLE = YES;
				IPHONEOS_DEPLOYMENT_TARGET = 9.3;
				MTL_ENABLE_DEBUG_INFO = NO;
				SDKROOT = iphoneos;
				TARGETED_DEVICE_FAMILY = "1,2";
				VALIDATE_PRODUCT = YES;
			};
			name = Release;
		};
		915EEC571D460CE1005CC318 /* Debug */ = {
			isa = XCBuildConfiguration;
			buildSettings = {
				ASSETCATALOG_COMPILER_APPICON_NAME = AppIcon;
				CODE_SIGN_IDENTITY = "iPhone Developer";
				INFOPLIST_FILE = EmotionCode/Info.plist;
				LD_RUNPATH_SEARCH_PATHS = "$(inherited) @executable_path/Frameworks";
				PRODUCT_BUNDLE_IDENTIFIER = com.discoverhealing.emotioncode;
				PRODUCT_NAME = "$(TARGET_NAME)";
			};
			name = Debug;
		};
		915EEC581D460CE1005CC318 /* Release */ = {
			isa = XCBuildConfiguration;
			buildSettings = {
				ASSETCATALOG_COMPILER_APPICON_NAME = AppIcon;
				CODE_SIGN_IDENTITY = "iPhone Developer";
				INFOPLIST_FILE = EmotionCode/Info.plist;
				LD_RUNPATH_SEARCH_PATHS = "$(inherited) @executable_path/Frameworks";
				PRODUCT_BUNDLE_IDENTIFIER = com.discoverhealing.emotioncode;
				PRODUCT_NAME = "$(TARGET_NAME)";
			};
			name = Release;
		};
		915EEC5A1D460CE1005CC318 /* Debug */ = {
			isa = XCBuildConfiguration;
			buildSettings = {
				INFOPLIST_FILE = EmotionCodeUITests/Info.plist;
				LD_RUNPATH_SEARCH_PATHS = "$(inherited) @executable_path/Frameworks @loader_path/Frameworks";
				PRODUCT_BUNDLE_IDENTIFIER = TBD.EmotionCodeUITests;
				PRODUCT_NAME = "$(TARGET_NAME)";
				TEST_TARGET_NAME = EmotionCode;
			};
			name = Debug;
		};
		915EEC5B1D460CE1005CC318 /* Release */ = {
			isa = XCBuildConfiguration;
			buildSettings = {
				INFOPLIST_FILE = EmotionCodeUITests/Info.plist;
				LD_RUNPATH_SEARCH_PATHS = "$(inherited) @executable_path/Frameworks @loader_path/Frameworks";
				PRODUCT_BUNDLE_IDENTIFIER = TBD.EmotionCodeUITests;
				PRODUCT_NAME = "$(TARGET_NAME)";
				TEST_TARGET_NAME = EmotionCode;
			};
			name = Release;
		};
/* End XCBuildConfiguration section */

/* Begin XCConfigurationList section */
		915EEC341D460CE1005CC318 /* Build configuration list for PBXProject "EmotionCode" */ = {
			isa = XCConfigurationList;
			buildConfigurations = (
				915EEC541D460CE1005CC318 /* Debug */,
				915EEC551D460CE1005CC318 /* Release */,
			);
			defaultConfigurationIsVisible = 0;
			defaultConfigurationName = Release;
		};
		915EEC561D460CE1005CC318 /* Build configuration list for PBXNativeTarget "EmotionCode" */ = {
			isa = XCConfigurationList;
			buildConfigurations = (
				915EEC571D460CE1005CC318 /* Debug */,
				915EEC581D460CE1005CC318 /* Release */,
			);
			defaultConfigurationIsVisible = 0;
			defaultConfigurationName = Release;
		};
		915EEC591D460CE1005CC318 /* Build configuration list for PBXNativeTarget "EmotionCodeUITests" */ = {
			isa = XCConfigurationList;
			buildConfigurations = (
				915EEC5A1D460CE1005CC318 /* Debug */,
				915EEC5B1D460CE1005CC318 /* Release */,
			);
			defaultConfigurationIsVisible = 0;
			defaultConfigurationName = Release;
		};
/* End XCConfigurationList section */
	};
	rootObject = 915EEC311D460CE1005CC318 /* Project object */;
}
