// !$*UTF8*$!
{
	archiveVersion = 1;
	classes = {
	};
	objectVersion = 46;
	objects = {

/* Begin PBXBuildFile section */
		0F0FB5971D7DE65800546BD0 /* css-en.patch in Resources */ = {isa = PBXBuildFile; fileRef = 0F0FB5961D7DE65800546BD0 /* css-en.patch */; };
		0F0FB5991D7DE7B100546BD0 /* css-es.patch in Resources */ = {isa = PBXBuildFile; fileRef = 0F0FB5981D7DE7B100546BD0 /* css-es.patch */; };
		0F1687281D6515A8006C3FE2 /* BookNavigationBarLayoutTests.swift in Sources */ = {isa = PBXBuildFile; fileRef = 0F1687271D6515A8006C3FE2 /* BookNavigationBarLayoutTests.swift */; };
		0F283E401D6DF24E00A38B89 /* BookSegueController.swift in Sources */ = {isa = PBXBuildFile; fileRef = 0F283E3F1D6DF24E00A38B89 /* BookSegueController.swift */; };
		0F283E421D6DF93000A38B89 /* BookChapterSelectionLayoutTests.swift in Sources */ = {isa = PBXBuildFile; fileRef = 0F283E411D6DF93000A38B89 /* BookChapterSelectionLayoutTests.swift */; };
		0F283E441D6DFC8A00A38B89 /* BookChapterSelectionTests.swift in Sources */ = {isa = PBXBuildFile; fileRef = 0F283E431D6DFC8A00A38B89 /* BookChapterSelectionTests.swift */; };
		0F28D0B71D4E74E3002C98E7 /* Book.storyboard in Resources */ = {isa = PBXBuildFile; fileRef = 0F28D0B51D4E74E3002C98E7 /* Book.storyboard */; };
		0F28D0BA1D4E7501002C98E7 /* Chart.storyboard in Resources */ = {isa = PBXBuildFile; fileRef = 0F28D0B81D4E7501002C98E7 /* Chart.storyboard */; };
		0F28D0BD1D4E755B002C98E7 /* Help.storyboard in Resources */ = {isa = PBXBuildFile; fileRef = 0F28D0BB1D4E755B002C98E7 /* Help.storyboard */; };
		0F3936641D5B9374003CC6C0 /* BookController.swift in Sources */ = {isa = PBXBuildFile; fileRef = 0F3936631D5B9374003CC6C0 /* BookController.swift */; };
		0F3EAFDE1D6CA34B0059C312 /* XCUIElementQuery+FirstLast.swift in Sources */ = {isa = PBXBuildFile; fileRef = 0F3EAFDD1D6CA34B0059C312 /* XCUIElementQuery+FirstLast.swift */; };
		0F3EAFE01D6CD6480059C312 /* BookChapterView.swift in Sources */ = {isa = PBXBuildFile; fileRef = 0F3EAFDF1D6CD6480059C312 /* BookChapterView.swift */; };
		0F464FB41D621D4E0036D762 /* BookSwipeGesturesTests.swift in Sources */ = {isa = PBXBuildFile; fileRef = 0F464FB31D621D4E0036D762 /* BookSwipeGesturesTests.swift */; };
		0F4BA9C81D636765003CCFE9 /* BookPageViewController.swift in Sources */ = {isa = PBXBuildFile; fileRef = 0F4BA9C71D636765003CCFE9 /* BookPageViewController.swift */; };
		0F4BA9CA1D6368DA003CCFE9 /* BookChapterViewController.swift in Sources */ = {isa = PBXBuildFile; fileRef = 0F4BA9C91D6368DA003CCFE9 /* BookChapterViewController.swift */; };
		0F669F4F1D78AC33003AD410 /* PatchBook.sh in Resources */ = {isa = PBXBuildFile; fileRef = 0F669F4E1D78AC33003AD410 /* PatchBook.sh */; };
		0F74006B1D6F476E00ADAC99 /* BookChaptersTableView.swift in Sources */ = {isa = PBXBuildFile; fileRef = 0F74006A1D6F476E00ADAC99 /* BookChaptersTableView.swift */; };
		0FA620E41D6D3A4A00E48335 /* ChapterTableViewCell.swift in Sources */ = {isa = PBXBuildFile; fileRef = 0FA620E31D6D3A4A00E48335 /* ChapterTableViewCell.swift */; };
		0FA620E61D6D3AA900E48335 /* BookChapterListViewController.swift in Sources */ = {isa = PBXBuildFile; fileRef = 0FA620E51D6D3AA900E48335 /* BookChapterListViewController.swift */; };
		0FCA00FD1D60EDCC0020018A /* XCUIApplication+Window.swift in Sources */ = {isa = PBXBuildFile; fileRef = 0FCA00FC1D60EDCC0020018A /* XCUIApplication+Window.swift */; };
		0FCA00FF1D60EEBD0020018A /* BookNavigationBarButtonTests.swift in Sources */ = {isa = PBXBuildFile; fileRef = 0FCA00FE1D60EEBD0020018A /* BookNavigationBarButtonTests.swift */; };
		0FD7E5F21D7F19390061BD18 /* book-add-chapters-en.patch in Resources */ = {isa = PBXBuildFile; fileRef = 0FD7E5E41D7F19390061BD18 /* book-add-chapters-en.patch */; };
		0FD7E5F31D7F19390061BD18 /* book-fix-chapter-quote-en.patch in Resources */ = {isa = PBXBuildFile; fileRef = 0FD7E5E51D7F19390061BD18 /* book-fix-chapter-quote-en.patch */; };
		0FD7E5F41D7F19390061BD18 /* book-remove-chapter-numbers-en.patch in Resources */ = {isa = PBXBuildFile; fileRef = 0FD7E5E61D7F19390061BD18 /* book-remove-chapter-numbers-en.patch */; };
		0FD7E5F51D7F19390061BD18 /* chapter1-en.patch in Resources */ = {isa = PBXBuildFile; fileRef = 0FD7E5E71D7F19390061BD18 /* chapter1-en.patch */; };
		0FD7E5F61D7F19390061BD18 /* chapter2-en.patch in Resources */ = {isa = PBXBuildFile; fileRef = 0FD7E5E81D7F19390061BD18 /* chapter2-en.patch */; };
		0FD7E5F71D7F19390061BD18 /* chapter3-en.patch in Resources */ = {isa = PBXBuildFile; fileRef = 0FD7E5E91D7F19390061BD18 /* chapter3-en.patch */; };
		0FD7E5F81D7F19390061BD18 /* chapter4-en.patch in Resources */ = {isa = PBXBuildFile; fileRef = 0FD7E5EA1D7F19390061BD18 /* chapter4-en.patch */; };
		0FD7E5F91D7F19390061BD18 /* chapter5-en.patch in Resources */ = {isa = PBXBuildFile; fileRef = 0FD7E5EB1D7F19390061BD18 /* chapter5-en.patch */; };
		0FD7E5FA1D7F19390061BD18 /* chapter6-en.patch in Resources */ = {isa = PBXBuildFile; fileRef = 0FD7E5EC1D7F19390061BD18 /* chapter6-en.patch */; };
		0FD7E5FB1D7F19390061BD18 /* chapter7-en.patch in Resources */ = {isa = PBXBuildFile; fileRef = 0FD7E5ED1D7F19390061BD18 /* chapter7-en.patch */; };
		0FD7E5FC1D7F19390061BD18 /* chapter8-en.patch in Resources */ = {isa = PBXBuildFile; fileRef = 0FD7E5EE1D7F19390061BD18 /* chapter8-en.patch */; };
		0FD7E5FD1D7F19390061BD18 /* chapter9-en.patch in Resources */ = {isa = PBXBuildFile; fileRef = 0FD7E5EF1D7F19390061BD18 /* chapter9-en.patch */; };
		0FD7E5FE1D7F19390061BD18 /* chapter10-en.patch in Resources */ = {isa = PBXBuildFile; fileRef = 0FD7E5F01D7F19390061BD18 /* chapter10-en.patch */; };
		0FD7E5FF1D7F19390061BD18 /* chapter11-en.patch in Resources */ = {isa = PBXBuildFile; fileRef = 0FD7E5F11D7F19390061BD18 /* chapter11-en.patch */; };
		0FD7E60E1D7F1D2D0061BD18 /* book-add-chapters-es.patch in Resources */ = {isa = PBXBuildFile; fileRef = 0FD7E6001D7F1D2D0061BD18 /* book-add-chapters-es.patch */; };
		0FD7E60F1D7F1D2D0061BD18 /* book-fix-chapter-quote-es.patch in Resources */ = {isa = PBXBuildFile; fileRef = 0FD7E6011D7F1D2D0061BD18 /* book-fix-chapter-quote-es.patch */; };
		0FD7E6101D7F1D2D0061BD18 /* book-remove-chapter-numbers-es.patch in Resources */ = {isa = PBXBuildFile; fileRef = 0FD7E6021D7F1D2D0061BD18 /* book-remove-chapter-numbers-es.patch */; };
		0FD7E6111D7F1D2D0061BD18 /* chapter1-es.patch in Resources */ = {isa = PBXBuildFile; fileRef = 0FD7E6031D7F1D2D0061BD18 /* chapter1-es.patch */; };
		0FD7E6121D7F1D2D0061BD18 /* chapter2-es.patch in Resources */ = {isa = PBXBuildFile; fileRef = 0FD7E6041D7F1D2D0061BD18 /* chapter2-es.patch */; };
		0FD7E6131D7F1D2D0061BD18 /* chapter3-es.patch in Resources */ = {isa = PBXBuildFile; fileRef = 0FD7E6051D7F1D2D0061BD18 /* chapter3-es.patch */; };
		0FD7E6141D7F1D2D0061BD18 /* chapter4-es.patch in Resources */ = {isa = PBXBuildFile; fileRef = 0FD7E6061D7F1D2D0061BD18 /* chapter4-es.patch */; };
		0FD7E6151D7F1D2D0061BD18 /* chapter5-es.patch in Resources */ = {isa = PBXBuildFile; fileRef = 0FD7E6071D7F1D2D0061BD18 /* chapter5-es.patch */; };
		0FD7E6161D7F1D2D0061BD18 /* chapter6-es.patch in Resources */ = {isa = PBXBuildFile; fileRef = 0FD7E6081D7F1D2D0061BD18 /* chapter6-es.patch */; };
		0FD7E6171D7F1D2D0061BD18 /* chapter7-es.patch in Resources */ = {isa = PBXBuildFile; fileRef = 0FD7E6091D7F1D2D0061BD18 /* chapter7-es.patch */; };
		0FD7E6181D7F1D2D0061BD18 /* chapter8-es.patch in Resources */ = {isa = PBXBuildFile; fileRef = 0FD7E60A1D7F1D2D0061BD18 /* chapter8-es.patch */; };
		0FD7E6191D7F1D2D0061BD18 /* chapter9-es.patch in Resources */ = {isa = PBXBuildFile; fileRef = 0FD7E60B1D7F1D2D0061BD18 /* chapter9-es.patch */; };
		0FD7E61A1D7F1D2D0061BD18 /* chapter10-es.patch in Resources */ = {isa = PBXBuildFile; fileRef = 0FD7E60C1D7F1D2D0061BD18 /* chapter10-es.patch */; };
		0FD7E61B1D7F1D2D0061BD18 /* chapter11-es.patch in Resources */ = {isa = PBXBuildFile; fileRef = 0FD7E60D1D7F1D2D0061BD18 /* chapter11-es.patch */; };
		0FF8F9E41D5ACD2D008666E8 /* BookChapters.plist in Resources */ = {isa = PBXBuildFile; fileRef = 0FF8F9E61D5ACD2D008666E8 /* BookChapters.plist */; };
		0FF8F9EA1D5ACFE4008666E8 /* Book.swift in Sources */ = {isa = PBXBuildFile; fileRef = 0FF8F9E91D5ACFE4008666E8 /* Book.swift */; };
		910C68431D6AE193004E7E7F /* TabIcons.xcassets in Resources */ = {isa = PBXBuildFile; fileRef = 910C68421D6AE193004E7E7F /* TabIcons.xcassets */; };
		91187B201D676FFB0098A881 /* BookChapterLayoutTests.swift in Sources */ = {isa = PBXBuildFile; fileRef = 91187B1F1D676FFB0098A881 /* BookChapterLayoutTests.swift */; };
		91187B231D6776A00098A881 /* ChapterTitleView.swift in Sources */ = {isa = PBXBuildFile; fileRef = 91187B221D6776A00098A881 /* ChapterTitleView.swift */; };
		915EEC3D1D460CE1005CC318 /* AppDelegate.swift in Sources */ = {isa = PBXBuildFile; fileRef = 915EEC3C1D460CE1005CC318 /* AppDelegate.swift */; };
		915EEC421D460CE1005CC318 /* TabBar.storyboard in Resources */ = {isa = PBXBuildFile; fileRef = 915EEC401D460CE1005CC318 /* TabBar.storyboard */; };
		915EEC441D460CE1005CC318 /* Assets.xcassets in Resources */ = {isa = PBXBuildFile; fileRef = 915EEC431D460CE1005CC318 /* Assets.xcassets */; };
		915EEC471D460CE1005CC318 /* LaunchScreen.storyboard in Resources */ = {isa = PBXBuildFile; fileRef = 915EEC451D460CE1005CC318 /* LaunchScreen.storyboard */; };
		91AD7CE01D534CEB00FBEBF7 /* TabNavigationLayoutTests.swift in Sources */ = {isa = PBXBuildFile; fileRef = 91AD7CDF1D534CEB00FBEBF7 /* TabNavigationLayoutTests.swift */; };
		91AD7CE21D534D0400FBEBF7 /* TabNavigationDefaultTests.swift in Sources */ = {isa = PBXBuildFile; fileRef = 91AD7CE11D534D0400FBEBF7 /* TabNavigationDefaultTests.swift */; };
		91AD7CE41D534D2500FBEBF7 /* TabNavigationBookTests.swift in Sources */ = {isa = PBXBuildFile; fileRef = 91AD7CE31D534D2500FBEBF7 /* TabNavigationBookTests.swift */; };
		91AD7CE61D534D2D00FBEBF7 /* TabNavigationChartTests.swift in Sources */ = {isa = PBXBuildFile; fileRef = 91AD7CE51D534D2D00FBEBF7 /* TabNavigationChartTests.swift */; };
		91AD7CE81D534D3400FBEBF7 /* TabNavigationHelpTests.swift in Sources */ = {isa = PBXBuildFile; fileRef = 91AD7CE71D534D3400FBEBF7 /* TabNavigationHelpTests.swift */; };
		91AD7CEA1D534D6400FBEBF7 /* XCTestCase+App.swift in Sources */ = {isa = PBXBuildFile; fileRef = 91AD7CE91D534D6400FBEBF7 /* XCTestCase+App.swift */; };
		91AD7CEC1D534D6E00FBEBF7 /* XCUIApplication+SafeLaunch.swift in Sources */ = {isa = PBXBuildFile; fileRef = 91AD7CEB1D534D6E00FBEBF7 /* XCUIApplication+SafeLaunch.swift */; };
		91B88ACD1D58B8E600DFCDB2 /* Chart.swift in Sources */ = {isa = PBXBuildFile; fileRef = 91B88ACC1D58B8E600DFCDB2 /* Chart.swift */; };
		91B88ACF1D58B8EC00DFCDB2 /* ChartController.swift in Sources */ = {isa = PBXBuildFile; fileRef = 91B88ACE1D58B8EC00DFCDB2 /* ChartController.swift */; };
		B65C13F51DB0F518008B4A77 /* ChartCollectionViewController.swift in Sources */ = {isa = PBXBuildFile; fileRef = B65C13F41DB0F518008B4A77 /* ChartCollectionViewController.swift */; };
		B65C13F71DB0F572008B4A77 /* ItemCollectionViewCell.swift in Sources */ = {isa = PBXBuildFile; fileRef = B65C13F61DB0F572008B4A77 /* ItemCollectionViewCell.swift */; };
		B65C13F91DB10EDD008B4A77 /* ChartColumnCollectionViewController.swift in Sources */ = {isa = PBXBuildFile; fileRef = B65C13F81DB10EDD008B4A77 /* ChartColumnCollectionViewController.swift */; };
		B6F8B1921DB499AE0015789A /* ChartLayout.swift in Sources */ = {isa = PBXBuildFile; fileRef = B6F8B1911DB499AE0015789A /* ChartLayout.swift */; };
		E7ED2B5D1D52135600F85992 /* EmotionCodeChart.plist in Resources */ = {isa = PBXBuildFile; fileRef = E7ED2B5F1D52135600F85992 /* EmotionCodeChart.plist */; };
/* End PBXBuildFile section */

/* Begin PBXContainerItemProxy section */
		915EEC4E1D460CE1005CC318 /* PBXContainerItemProxy */ = {
			isa = PBXContainerItemProxy;
			containerPortal = 915EEC311D460CE1005CC318 /* Project object */;
			proxyType = 1;
			remoteGlobalIDString = 915EEC381D460CE1005CC318;
			remoteInfo = EmotionCode;
		};
/* End PBXContainerItemProxy section */

/* Begin PBXFileReference section */
		0F0FB5961D7DE65800546BD0 /* css-en.patch */ = {isa = PBXFileReference; fileEncoding = 4; lastKnownFileType = text; path = "css-en.patch"; sourceTree = "<group>"; };
		0F0FB5981D7DE7B100546BD0 /* css-es.patch */ = {isa = PBXFileReference; fileEncoding = 4; lastKnownFileType = text; path = "css-es.patch"; sourceTree = "<group>"; };
		0F1687271D6515A8006C3FE2 /* BookNavigationBarLayoutTests.swift */ = {isa = PBXFileReference; fileEncoding = 4; lastKnownFileType = sourcecode.swift; path = BookNavigationBarLayoutTests.swift; sourceTree = "<group>"; };
		0F283E3F1D6DF24E00A38B89 /* BookSegueController.swift */ = {isa = PBXFileReference; fileEncoding = 4; lastKnownFileType = sourcecode.swift; path = BookSegueController.swift; sourceTree = "<group>"; };
		0F283E411D6DF93000A38B89 /* BookChapterSelectionLayoutTests.swift */ = {isa = PBXFileReference; fileEncoding = 4; lastKnownFileType = sourcecode.swift; path = BookChapterSelectionLayoutTests.swift; sourceTree = "<group>"; };
		0F283E431D6DFC8A00A38B89 /* BookChapterSelectionTests.swift */ = {isa = PBXFileReference; fileEncoding = 4; lastKnownFileType = sourcecode.swift; path = BookChapterSelectionTests.swift; sourceTree = "<group>"; };
		0F28D0B61D4E74E3002C98E7 /* Base */ = {isa = PBXFileReference; lastKnownFileType = file.storyboard; name = Base; path = Base.lproj/Book.storyboard; sourceTree = "<group>"; };
		0F28D0B91D4E7501002C98E7 /* Base */ = {isa = PBXFileReference; lastKnownFileType = file.storyboard; name = Base; path = Base.lproj/Chart.storyboard; sourceTree = "<group>"; };
		0F28D0BC1D4E755B002C98E7 /* Base */ = {isa = PBXFileReference; lastKnownFileType = file.storyboard; name = Base; path = Base.lproj/Help.storyboard; sourceTree = "<group>"; };
		0F3936631D5B9374003CC6C0 /* BookController.swift */ = {isa = PBXFileReference; fileEncoding = 4; lastKnownFileType = sourcecode.swift; path = BookController.swift; sourceTree = "<group>"; };
		0F3EAFDD1D6CA34B0059C312 /* XCUIElementQuery+FirstLast.swift */ = {isa = PBXFileReference; fileEncoding = 4; lastKnownFileType = sourcecode.swift; path = "XCUIElementQuery+FirstLast.swift"; sourceTree = "<group>"; };
		0F3EAFDF1D6CD6480059C312 /* BookChapterView.swift */ = {isa = PBXFileReference; fileEncoding = 4; lastKnownFileType = sourcecode.swift; path = BookChapterView.swift; sourceTree = "<group>"; };
		0F464FB31D621D4E0036D762 /* BookSwipeGesturesTests.swift */ = {isa = PBXFileReference; fileEncoding = 4; lastKnownFileType = sourcecode.swift; path = BookSwipeGesturesTests.swift; sourceTree = "<group>"; };
		0F4BA9C71D636765003CCFE9 /* BookPageViewController.swift */ = {isa = PBXFileReference; fileEncoding = 4; lastKnownFileType = sourcecode.swift; path = BookPageViewController.swift; sourceTree = "<group>"; };
		0F4BA9C91D6368DA003CCFE9 /* BookChapterViewController.swift */ = {isa = PBXFileReference; fileEncoding = 4; lastKnownFileType = sourcecode.swift; path = BookChapterViewController.swift; sourceTree = "<group>"; };
		0F669F4E1D78AC33003AD410 /* PatchBook.sh */ = {isa = PBXFileReference; fileEncoding = 4; lastKnownFileType = text.script.sh; path = PatchBook.sh; sourceTree = "<group>"; };
		0F74006A1D6F476E00ADAC99 /* BookChaptersTableView.swift */ = {isa = PBXFileReference; fileEncoding = 4; lastKnownFileType = sourcecode.swift; path = BookChaptersTableView.swift; sourceTree = "<group>"; };
		0FA620E31D6D3A4A00E48335 /* ChapterTableViewCell.swift */ = {isa = PBXFileReference; fileEncoding = 4; lastKnownFileType = sourcecode.swift; path = ChapterTableViewCell.swift; sourceTree = "<group>"; };
		0FA620E51D6D3AA900E48335 /* BookChapterListViewController.swift */ = {isa = PBXFileReference; fileEncoding = 4; lastKnownFileType = sourcecode.swift; path = BookChapterListViewController.swift; sourceTree = "<group>"; };
		0FCA00FC1D60EDCC0020018A /* XCUIApplication+Window.swift */ = {isa = PBXFileReference; fileEncoding = 4; lastKnownFileType = sourcecode.swift; path = "XCUIApplication+Window.swift"; sourceTree = "<group>"; };
		0FCA00FE1D60EEBD0020018A /* BookNavigationBarButtonTests.swift */ = {isa = PBXFileReference; fileEncoding = 4; lastKnownFileType = sourcecode.swift; path = BookNavigationBarButtonTests.swift; sourceTree = "<group>"; };
		0FD7E5E41D7F19390061BD18 /* book-add-chapters-en.patch */ = {isa = PBXFileReference; fileEncoding = 4; lastKnownFileType = text; path = "book-add-chapters-en.patch"; sourceTree = "<group>"; };
		0FD7E5E51D7F19390061BD18 /* book-fix-chapter-quote-en.patch */ = {isa = PBXFileReference; fileEncoding = 4; lastKnownFileType = text; path = "book-fix-chapter-quote-en.patch"; sourceTree = "<group>"; };
		0FD7E5E61D7F19390061BD18 /* book-remove-chapter-numbers-en.patch */ = {isa = PBXFileReference; fileEncoding = 4; lastKnownFileType = text; path = "book-remove-chapter-numbers-en.patch"; sourceTree = "<group>"; };
		0FD7E5E71D7F19390061BD18 /* chapter1-en.patch */ = {isa = PBXFileReference; fileEncoding = 4; lastKnownFileType = text; path = "chapter1-en.patch"; sourceTree = "<group>"; };
		0FD7E5E81D7F19390061BD18 /* chapter2-en.patch */ = {isa = PBXFileReference; fileEncoding = 4; lastKnownFileType = text; path = "chapter2-en.patch"; sourceTree = "<group>"; };
		0FD7E5E91D7F19390061BD18 /* chapter3-en.patch */ = {isa = PBXFileReference; fileEncoding = 4; lastKnownFileType = text; path = "chapter3-en.patch"; sourceTree = "<group>"; };
		0FD7E5EA1D7F19390061BD18 /* chapter4-en.patch */ = {isa = PBXFileReference; fileEncoding = 4; lastKnownFileType = text; path = "chapter4-en.patch"; sourceTree = "<group>"; };
		0FD7E5EB1D7F19390061BD18 /* chapter5-en.patch */ = {isa = PBXFileReference; fileEncoding = 4; lastKnownFileType = text; path = "chapter5-en.patch"; sourceTree = "<group>"; };
		0FD7E5EC1D7F19390061BD18 /* chapter6-en.patch */ = {isa = PBXFileReference; fileEncoding = 4; lastKnownFileType = text; path = "chapter6-en.patch"; sourceTree = "<group>"; };
		0FD7E5ED1D7F19390061BD18 /* chapter7-en.patch */ = {isa = PBXFileReference; fileEncoding = 4; lastKnownFileType = text; path = "chapter7-en.patch"; sourceTree = "<group>"; };
		0FD7E5EE1D7F19390061BD18 /* chapter8-en.patch */ = {isa = PBXFileReference; fileEncoding = 4; lastKnownFileType = text; path = "chapter8-en.patch"; sourceTree = "<group>"; };
		0FD7E5EF1D7F19390061BD18 /* chapter9-en.patch */ = {isa = PBXFileReference; fileEncoding = 4; lastKnownFileType = text; path = "chapter9-en.patch"; sourceTree = "<group>"; };
		0FD7E5F01D7F19390061BD18 /* chapter10-en.patch */ = {isa = PBXFileReference; fileEncoding = 4; lastKnownFileType = text; path = "chapter10-en.patch"; sourceTree = "<group>"; };
		0FD7E5F11D7F19390061BD18 /* chapter11-en.patch */ = {isa = PBXFileReference; fileEncoding = 4; lastKnownFileType = text; path = "chapter11-en.patch"; sourceTree = "<group>"; };
		0FD7E6001D7F1D2D0061BD18 /* book-add-chapters-es.patch */ = {isa = PBXFileReference; fileEncoding = 4; lastKnownFileType = text; path = "book-add-chapters-es.patch"; sourceTree = "<group>"; };
		0FD7E6011D7F1D2D0061BD18 /* book-fix-chapter-quote-es.patch */ = {isa = PBXFileReference; fileEncoding = 4; lastKnownFileType = text; path = "book-fix-chapter-quote-es.patch"; sourceTree = "<group>"; };
		0FD7E6021D7F1D2D0061BD18 /* book-remove-chapter-numbers-es.patch */ = {isa = PBXFileReference; fileEncoding = 4; lastKnownFileType = text; path = "book-remove-chapter-numbers-es.patch"; sourceTree = "<group>"; };
		0FD7E6031D7F1D2D0061BD18 /* chapter1-es.patch */ = {isa = PBXFileReference; fileEncoding = 4; lastKnownFileType = text; path = "chapter1-es.patch"; sourceTree = "<group>"; };
		0FD7E6041D7F1D2D0061BD18 /* chapter2-es.patch */ = {isa = PBXFileReference; fileEncoding = 4; lastKnownFileType = text; path = "chapter2-es.patch"; sourceTree = "<group>"; };
		0FD7E6051D7F1D2D0061BD18 /* chapter3-es.patch */ = {isa = PBXFileReference; fileEncoding = 4; lastKnownFileType = text; path = "chapter3-es.patch"; sourceTree = "<group>"; };
		0FD7E6061D7F1D2D0061BD18 /* chapter4-es.patch */ = {isa = PBXFileReference; fileEncoding = 4; lastKnownFileType = text; path = "chapter4-es.patch"; sourceTree = "<group>"; };
		0FD7E6071D7F1D2D0061BD18 /* chapter5-es.patch */ = {isa = PBXFileReference; fileEncoding = 4; lastKnownFileType = text; path = "chapter5-es.patch"; sourceTree = "<group>"; };
		0FD7E6081D7F1D2D0061BD18 /* chapter6-es.patch */ = {isa = PBXFileReference; fileEncoding = 4; lastKnownFileType = text; path = "chapter6-es.patch"; sourceTree = "<group>"; };
		0FD7E6091D7F1D2D0061BD18 /* chapter7-es.patch */ = {isa = PBXFileReference; fileEncoding = 4; lastKnownFileType = text; path = "chapter7-es.patch"; sourceTree = "<group>"; };
		0FD7E60A1D7F1D2D0061BD18 /* chapter8-es.patch */ = {isa = PBXFileReference; fileEncoding = 4; lastKnownFileType = text; path = "chapter8-es.patch"; sourceTree = "<group>"; };
		0FD7E60B1D7F1D2D0061BD18 /* chapter9-es.patch */ = {isa = PBXFileReference; fileEncoding = 4; lastKnownFileType = text; path = "chapter9-es.patch"; sourceTree = "<group>"; };
		0FD7E60C1D7F1D2D0061BD18 /* chapter10-es.patch */ = {isa = PBXFileReference; fileEncoding = 4; lastKnownFileType = text; path = "chapter10-es.patch"; sourceTree = "<group>"; };
		0FD7E60D1D7F1D2D0061BD18 /* chapter11-es.patch */ = {isa = PBXFileReference; fileEncoding = 4; lastKnownFileType = text; path = "chapter11-es.patch"; sourceTree = "<group>"; };
		0FF6418A1D5A725500EDF903 /* MarkupLint.sh */ = {isa = PBXFileReference; lastKnownFileType = text.script.sh; path = MarkupLint.sh; sourceTree = "<group>"; };
		0FF8F9E51D5ACD2D008666E8 /* Base */ = {isa = PBXFileReference; lastKnownFileType = text.plist.xml; name = Base; path = Base.lproj/BookChapters.plist; sourceTree = "<group>"; };
		0FF8F9E71D5ACD2E008666E8 /* en */ = {isa = PBXFileReference; lastKnownFileType = text.plist.xml; name = en; path = en.lproj/BookChapters.plist; sourceTree = "<group>"; };
		0FF8F9E81D5ACD2F008666E8 /* es */ = {isa = PBXFileReference; lastKnownFileType = text.plist.xml; name = es; path = es.lproj/BookChapters.plist; sourceTree = "<group>"; };
		0FF8F9E91D5ACFE4008666E8 /* Book.swift */ = {isa = PBXFileReference; fileEncoding = 4; lastKnownFileType = sourcecode.swift; path = Book.swift; sourceTree = "<group>"; };
		910C68421D6AE193004E7E7F /* TabIcons.xcassets */ = {isa = PBXFileReference; lastKnownFileType = folder.assetcatalog; path = TabIcons.xcassets; sourceTree = "<group>"; };
		91187B1F1D676FFB0098A881 /* BookChapterLayoutTests.swift */ = {isa = PBXFileReference; fileEncoding = 4; lastKnownFileType = sourcecode.swift; path = BookChapterLayoutTests.swift; sourceTree = "<group>"; };
		91187B221D6776A00098A881 /* ChapterTitleView.swift */ = {isa = PBXFileReference; fileEncoding = 4; lastKnownFileType = sourcecode.swift; path = ChapterTitleView.swift; sourceTree = "<group>"; };
		9141D9091D48A2D7009173A9 /* StoryboardLint.sh */ = {isa = PBXFileReference; lastKnownFileType = text.script.sh; path = StoryboardLint.sh; sourceTree = "<group>"; };
		915EEC391D460CE1005CC318 /* EmotionCode.app */ = {isa = PBXFileReference; explicitFileType = wrapper.application; includeInIndex = 0; path = EmotionCode.app; sourceTree = BUILT_PRODUCTS_DIR; };
		915EEC3C1D460CE1005CC318 /* AppDelegate.swift */ = {isa = PBXFileReference; lastKnownFileType = sourcecode.swift; path = AppDelegate.swift; sourceTree = "<group>"; };
		915EEC411D460CE1005CC318 /* Base */ = {isa = PBXFileReference; lastKnownFileType = file.storyboard; name = Base; path = Base.lproj/TabBar.storyboard; sourceTree = "<group>"; };
		915EEC431D460CE1005CC318 /* Assets.xcassets */ = {isa = PBXFileReference; lastKnownFileType = folder.assetcatalog; path = Assets.xcassets; sourceTree = "<group>"; };
		915EEC461D460CE1005CC318 /* Base */ = {isa = PBXFileReference; lastKnownFileType = file.storyboard; name = Base; path = Base.lproj/LaunchScreen.storyboard; sourceTree = "<group>"; };
		915EEC481D460CE1005CC318 /* Info.plist */ = {isa = PBXFileReference; lastKnownFileType = text.plist.xml; path = Info.plist; sourceTree = "<group>"; };
		915EEC4D1D460CE1005CC318 /* EmotionCodeUITests.xctest */ = {isa = PBXFileReference; explicitFileType = wrapper.cfbundle; includeInIndex = 0; path = EmotionCodeUITests.xctest; sourceTree = BUILT_PRODUCTS_DIR; };
		915EEC531D460CE1005CC318 /* Info.plist */ = {isa = PBXFileReference; lastKnownFileType = text.plist.xml; path = Info.plist; sourceTree = "<group>"; };
		91AD7CDF1D534CEB00FBEBF7 /* TabNavigationLayoutTests.swift */ = {isa = PBXFileReference; fileEncoding = 4; lastKnownFileType = sourcecode.swift; path = TabNavigationLayoutTests.swift; sourceTree = "<group>"; };
		91AD7CE11D534D0400FBEBF7 /* TabNavigationDefaultTests.swift */ = {isa = PBXFileReference; fileEncoding = 4; lastKnownFileType = sourcecode.swift; path = TabNavigationDefaultTests.swift; sourceTree = "<group>"; };
		91AD7CE31D534D2500FBEBF7 /* TabNavigationBookTests.swift */ = {isa = PBXFileReference; fileEncoding = 4; lastKnownFileType = sourcecode.swift; path = TabNavigationBookTests.swift; sourceTree = "<group>"; };
		91AD7CE51D534D2D00FBEBF7 /* TabNavigationChartTests.swift */ = {isa = PBXFileReference; fileEncoding = 4; lastKnownFileType = sourcecode.swift; path = TabNavigationChartTests.swift; sourceTree = "<group>"; };
		91AD7CE71D534D3400FBEBF7 /* TabNavigationHelpTests.swift */ = {isa = PBXFileReference; fileEncoding = 4; lastKnownFileType = sourcecode.swift; path = TabNavigationHelpTests.swift; sourceTree = "<group>"; };
		91AD7CE91D534D6400FBEBF7 /* XCTestCase+App.swift */ = {isa = PBXFileReference; fileEncoding = 4; lastKnownFileType = sourcecode.swift; path = "XCTestCase+App.swift"; sourceTree = "<group>"; };
		91AD7CEB1D534D6E00FBEBF7 /* XCUIApplication+SafeLaunch.swift */ = {isa = PBXFileReference; fileEncoding = 4; lastKnownFileType = sourcecode.swift; path = "XCUIApplication+SafeLaunch.swift"; sourceTree = "<group>"; };
		91B88ACC1D58B8E600DFCDB2 /* Chart.swift */ = {isa = PBXFileReference; fileEncoding = 4; lastKnownFileType = sourcecode.swift; path = Chart.swift; sourceTree = "<group>"; };
		91B88ACE1D58B8EC00DFCDB2 /* ChartController.swift */ = {isa = PBXFileReference; fileEncoding = 4; lastKnownFileType = sourcecode.swift; path = ChartController.swift; sourceTree = "<group>"; };
		B65C13F41DB0F518008B4A77 /* ChartCollectionViewController.swift */ = {isa = PBXFileReference; fileEncoding = 4; lastKnownFileType = sourcecode.swift; path = ChartCollectionViewController.swift; sourceTree = "<group>"; };
		B65C13F61DB0F572008B4A77 /* ItemCollectionViewCell.swift */ = {isa = PBXFileReference; fileEncoding = 4; lastKnownFileType = sourcecode.swift; path = ItemCollectionViewCell.swift; sourceTree = "<group>"; };
		B65C13F81DB10EDD008B4A77 /* ChartColumnCollectionViewController.swift */ = {isa = PBXFileReference; fileEncoding = 4; lastKnownFileType = sourcecode.swift; path = ChartColumnCollectionViewController.swift; sourceTree = "<group>"; };
		B6F8B1911DB499AE0015789A /* ChartLayout.swift */ = {isa = PBXFileReference; fileEncoding = 4; lastKnownFileType = sourcecode.swift; path = ChartLayout.swift; sourceTree = "<group>"; };
		E7ED2B5E1D52135600F85992 /* Base */ = {isa = PBXFileReference; lastKnownFileType = text.plist.xml; name = Base; path = Base.lproj/EmotionCodeChart.plist; sourceTree = "<group>"; };
		E7ED2B601D52135B00F85992 /* en */ = {isa = PBXFileReference; lastKnownFileType = text.plist.xml; name = en; path = en.lproj/EmotionCodeChart.plist; sourceTree = "<group>"; };
		E7ED2B611D5213DF00F85992 /* es */ = {isa = PBXFileReference; lastKnownFileType = text.plist.xml; name = es; path = es.lproj/EmotionCodeChart.plist; sourceTree = "<group>"; };
/* End PBXFileReference section */

/* Begin PBXFrameworksBuildPhase section */
		915EEC361D460CE1005CC318 /* Frameworks */ = {
			isa = PBXFrameworksBuildPhase;
			buildActionMask = 2147483647;
			files = (
			);
			runOnlyForDeploymentPostprocessing = 0;
		};
		915EEC4A1D460CE1005CC318 /* Frameworks */ = {
			isa = PBXFrameworksBuildPhase;
			buildActionMask = 2147483647;
			files = (
			);
			runOnlyForDeploymentPostprocessing = 0;
		};
/* End PBXFrameworksBuildPhase section */

/* Begin PBXGroup section */
		0F28D0BE1D4E7624002C98E7 /* Controllers */ = {
			isa = PBXGroup;
			children = (
				91B88ACE1D58B8EC00DFCDB2 /* ChartController.swift */,
				B6F8B1911DB499AE0015789A /* ChartLayout.swift */,
				B65C13F41DB0F518008B4A77 /* ChartCollectionViewController.swift */,
				B65C13F81DB10EDD008B4A77 /* ChartColumnCollectionViewController.swift */,
				0F3936631D5B9374003CC6C0 /* BookController.swift */,
				0F4BA9C71D636765003CCFE9 /* BookPageViewController.swift */,
				0F283E3F1D6DF24E00A38B89 /* BookSegueController.swift */,
				0F4BA9C91D6368DA003CCFE9 /* BookChapterViewController.swift */,
				0FA620E51D6D3AA900E48335 /* BookChapterListViewController.swift */,
			);
			name = Controllers;
			sourceTree = "<group>";
		};
		0F28D0BF1D4E763B002C98E7 /* Storyboards */ = {
			isa = PBXGroup;
			children = (
				915EEC451D460CE1005CC318 /* LaunchScreen.storyboard */,
				915EEC401D460CE1005CC318 /* TabBar.storyboard */,
				0F28D0B51D4E74E3002C98E7 /* Book.storyboard */,
				0F28D0B81D4E7501002C98E7 /* Chart.storyboard */,
				0F28D0BB1D4E755B002C98E7 /* Help.storyboard */,
			);
			name = Storyboards;
			sourceTree = "<group>";
		};
		0F28D0C01D4E7659002C98E7 /* Shared */ = {
			isa = PBXGroup;
			children = (
				9141D9091D48A2D7009173A9 /* StoryboardLint.sh */,
				0FF6418A1D5A725500EDF903 /* MarkupLint.sh */,
				0F669F4E1D78AC33003AD410 /* PatchBook.sh */,
			);
			name = Shared;
			sourceTree = "<group>";
		};
		0F669F131D78AB66003AD410 /* BookPatches */ = {
			isa = PBXGroup;
			children = (
				0F669F141D78AB7C003AD410 /* English */,
				0F669F151D78AB92003AD410 /* Spanish */,
			);
			path = BookPatches;
			sourceTree = "<group>";
		};
		0F669F141D78AB7C003AD410 /* English */ = {
			isa = PBXGroup;
			children = (
				0FD7E5E41D7F19390061BD18 /* book-add-chapters-en.patch */,
				0FD7E5E61D7F19390061BD18 /* book-remove-chapter-numbers-en.patch */,
				0FD7E5E51D7F19390061BD18 /* book-fix-chapter-quote-en.patch */,
				0FD7E5E71D7F19390061BD18 /* chapter1-en.patch */,
				0FD7E5E81D7F19390061BD18 /* chapter2-en.patch */,
				0FD7E5E91D7F19390061BD18 /* chapter3-en.patch */,
				0FD7E5EA1D7F19390061BD18 /* chapter4-en.patch */,
				0FD7E5EB1D7F19390061BD18 /* chapter5-en.patch */,
				0FD7E5EC1D7F19390061BD18 /* chapter6-en.patch */,
				0FD7E5ED1D7F19390061BD18 /* chapter7-en.patch */,
				0FD7E5EE1D7F19390061BD18 /* chapter8-en.patch */,
				0FD7E5EF1D7F19390061BD18 /* chapter9-en.patch */,
				0FD7E5F01D7F19390061BD18 /* chapter10-en.patch */,
				0FD7E5F11D7F19390061BD18 /* chapter11-en.patch */,
				0F0FB5961D7DE65800546BD0 /* css-en.patch */,
			);
			path = English;
			sourceTree = "<group>";
		};
		0F669F151D78AB92003AD410 /* Spanish */ = {
			isa = PBXGroup;
			children = (
				0FD7E6001D7F1D2D0061BD18 /* book-add-chapters-es.patch */,
				0FD7E6021D7F1D2D0061BD18 /* book-remove-chapter-numbers-es.patch */,
				0FD7E6011D7F1D2D0061BD18 /* book-fix-chapter-quote-es.patch */,
				0FD7E6031D7F1D2D0061BD18 /* chapter1-es.patch */,
				0FD7E6041D7F1D2D0061BD18 /* chapter2-es.patch */,
				0FD7E6051D7F1D2D0061BD18 /* chapter3-es.patch */,
				0FD7E6061D7F1D2D0061BD18 /* chapter4-es.patch */,
				0FD7E6071D7F1D2D0061BD18 /* chapter5-es.patch */,
				0FD7E6081D7F1D2D0061BD18 /* chapter6-es.patch */,
				0FD7E6091D7F1D2D0061BD18 /* chapter7-es.patch */,
				0FD7E60A1D7F1D2D0061BD18 /* chapter8-es.patch */,
				0FD7E60B1D7F1D2D0061BD18 /* chapter9-es.patch */,
				0FD7E60C1D7F1D2D0061BD18 /* chapter10-es.patch */,
				0FD7E60D1D7F1D2D0061BD18 /* chapter11-es.patch */,
				0F0FB5981D7DE7B100546BD0 /* css-es.patch */,
			);
			path = Spanish;
			sourceTree = "<group>";
		};
		91187B211D67768C0098A881 /* Views */ = {
			isa = PBXGroup;
			children = (
				B65C13F61DB0F572008B4A77 /* ItemCollectionViewCell.swift */,
				91187B221D6776A00098A881 /* ChapterTitleView.swift */,
				0F3EAFDF1D6CD6480059C312 /* BookChapterView.swift */,
				0FA620E31D6D3A4A00E48335 /* ChapterTableViewCell.swift */,
				0F74006A1D6F476E00ADAC99 /* BookChaptersTableView.swift */,
			);
			name = Views;
			sourceTree = "<group>";
		};
		915EEC301D460CE1005CC318 = {
			isa = PBXGroup;
			children = (
				915EEC3B1D460CE1005CC318 /* EmotionCode */,
				915EEC501D460CE1005CC318 /* EmotionCodeUITests */,
				915EEC3A1D460CE1005CC318 /* Products */,
			);
			sourceTree = "<group>";
		};
		915EEC3A1D460CE1005CC318 /* Products */ = {
			isa = PBXGroup;
			children = (
				915EEC391D460CE1005CC318 /* EmotionCode.app */,
				915EEC4D1D460CE1005CC318 /* EmotionCodeUITests.xctest */,
			);
			name = Products;
			sourceTree = "<group>";
		};
		915EEC3B1D460CE1005CC318 /* EmotionCode */ = {
			isa = PBXGroup;
			children = (
				0F669F131D78AB66003AD410 /* BookPatches */,
				915EEC3C1D460CE1005CC318 /* AppDelegate.swift */,
				E7BF74B01D4F607300AF6198 /* Models */,
				0F28D0BE1D4E7624002C98E7 /* Controllers */,
				91187B211D67768C0098A881 /* Views */,
				0F28D0BF1D4E763B002C98E7 /* Storyboards */,
				0F28D0C01D4E7659002C98E7 /* Shared */,
				915EEC431D460CE1005CC318 /* Assets.xcassets */,
				910C68421D6AE193004E7E7F /* TabIcons.xcassets */,
				915EEC481D460CE1005CC318 /* Info.plist */,
			);
			path = EmotionCode;
			sourceTree = "<group>";
		};
		915EEC501D460CE1005CC318 /* EmotionCodeUITests */ = {
			isa = PBXGroup;
			children = (
				91AD7CDF1D534CEB00FBEBF7 /* TabNavigationLayoutTests.swift */,
				91AD7CE11D534D0400FBEBF7 /* TabNavigationDefaultTests.swift */,
				91AD7CE31D534D2500FBEBF7 /* TabNavigationBookTests.swift */,
				91AD7CE51D534D2D00FBEBF7 /* TabNavigationChartTests.swift */,
				91AD7CE71D534D3400FBEBF7 /* TabNavigationHelpTests.swift */,
				0F1687271D6515A8006C3FE2 /* BookNavigationBarLayoutTests.swift */,
				0FCA00FE1D60EEBD0020018A /* BookNavigationBarButtonTests.swift */,
				0F464FB31D621D4E0036D762 /* BookSwipeGesturesTests.swift */,
				91187B1F1D676FFB0098A881 /* BookChapterLayoutTests.swift */,
				0F283E411D6DF93000A38B89 /* BookChapterSelectionLayoutTests.swift */,
				0F283E431D6DFC8A00A38B89 /* BookChapterSelectionTests.swift */,
				91AD7CE91D534D6400FBEBF7 /* XCTestCase+App.swift */,
				0FCA00FC1D60EDCC0020018A /* XCUIApplication+Window.swift */,
				91AD7CEB1D534D6E00FBEBF7 /* XCUIApplication+SafeLaunch.swift */,
				0F3EAFDD1D6CA34B0059C312 /* XCUIElementQuery+FirstLast.swift */,
				915EEC531D460CE1005CC318 /* Info.plist */,
			);
			path = EmotionCodeUITests;
			sourceTree = "<group>";
		};
		E7BF74B01D4F607300AF6198 /* Models */ = {
			isa = PBXGroup;
			children = (
				91B88ACC1D58B8E600DFCDB2 /* Chart.swift */,
				E7ED2B5F1D52135600F85992 /* EmotionCodeChart.plist */,
				0FF8F9E91D5ACFE4008666E8 /* Book.swift */,
				0FF8F9E61D5ACD2D008666E8 /* BookChapters.plist */,
			);
			name = Models;
			sourceTree = "<group>";
		};
/* End PBXGroup section */

/* Begin PBXNativeTarget section */
		915EEC381D460CE1005CC318 /* EmotionCode */ = {
			isa = PBXNativeTarget;
			buildConfigurationList = 915EEC561D460CE1005CC318 /* Build configuration list for PBXNativeTarget "EmotionCode" */;
			buildPhases = (
				9141D9081D48A256009173A9 /* Run SwiftLint */,
				9141D90B1D48A2F8009173A9 /* Run StoryboardLint */,
				0F669F501D78AD32003AD410 /* Run PatchBook */,
				0FF641891D5A6A3100EDF903 /* Run MarkupLint */,
				915EEC351D460CE1005CC318 /* Sources */,
				915EEC361D460CE1005CC318 /* Frameworks */,
				915EEC371D460CE1005CC318 /* Resources */,
			);
			buildRules = (
			);
			dependencies = (
			);
			name = EmotionCode;
			productName = EmotionCode;
			productReference = 915EEC391D460CE1005CC318 /* EmotionCode.app */;
			productType = "com.apple.product-type.application";
		};
		915EEC4C1D460CE1005CC318 /* EmotionCodeUITests */ = {
			isa = PBXNativeTarget;
			buildConfigurationList = 915EEC591D460CE1005CC318 /* Build configuration list for PBXNativeTarget "EmotionCodeUITests" */;
			buildPhases = (
				915EEC491D460CE1005CC318 /* Sources */,
				915EEC4A1D460CE1005CC318 /* Frameworks */,
				915EEC4B1D460CE1005CC318 /* Resources */,
			);
			buildRules = (
			);
			dependencies = (
				915EEC4F1D460CE1005CC318 /* PBXTargetDependency */,
			);
			name = EmotionCodeUITests;
			productName = EmotionCodeUITests;
			productReference = 915EEC4D1D460CE1005CC318 /* EmotionCodeUITests.xctest */;
			productType = "com.apple.product-type.bundle.ui-testing";
		};
/* End PBXNativeTarget section */

/* Begin PBXProject section */
		915EEC311D460CE1005CC318 /* Project object */ = {
			isa = PBXProject;
			attributes = {
				LastSwiftUpdateCheck = 0730;
				LastUpgradeCheck = 0800;
				ORGANIZATIONNAME = DiscoverHealing.com;
				TargetAttributes = {
					915EEC381D460CE1005CC318 = {
						CreatedOnToolsVersion = 7.3.1;
						DevelopmentTeam = 977T8AV26N;
						LastSwiftMigration = 0800;
					};
					915EEC4C1D460CE1005CC318 = {
						CreatedOnToolsVersion = 7.3.1;
						LastSwiftMigration = 0800;
						TestTargetID = 915EEC381D460CE1005CC318;
					};
				};
			};
			buildConfigurationList = 915EEC341D460CE1005CC318 /* Build configuration list for PBXProject "EmotionCode" */;
			compatibilityVersion = "Xcode 3.2";
			developmentRegion = English;
			hasScannedForEncodings = 0;
			knownRegions = (
				en,
				Base,
				es,
			);
			mainGroup = 915EEC301D460CE1005CC318;
			productRefGroup = 915EEC3A1D460CE1005CC318 /* Products */;
			projectDirPath = "";
			projectRoot = "";
			targets = (
				915EEC381D460CE1005CC318 /* EmotionCode */,
				915EEC4C1D460CE1005CC318 /* EmotionCodeUITests */,
			);
		};
/* End PBXProject section */

/* Begin PBXResourcesBuildPhase section */
		915EEC371D460CE1005CC318 /* Resources */ = {
			isa = PBXResourcesBuildPhase;
			buildActionMask = 2147483647;
			files = (
				0FD7E60F1D7F1D2D0061BD18 /* book-fix-chapter-quote-es.patch in Resources */,
				0FD7E5F41D7F19390061BD18 /* book-remove-chapter-numbers-en.patch in Resources */,
				0FD7E5F61D7F19390061BD18 /* chapter2-en.patch in Resources */,
				915EEC471D460CE1005CC318 /* LaunchScreen.storyboard in Resources */,
				0FD7E5FD1D7F19390061BD18 /* chapter9-en.patch in Resources */,
				0FD7E6101D7F1D2D0061BD18 /* book-remove-chapter-numbers-es.patch in Resources */,
				910C68431D6AE193004E7E7F /* TabIcons.xcassets in Resources */,
				0FD7E5F91D7F19390061BD18 /* chapter5-en.patch in Resources */,
				0FD7E6141D7F1D2D0061BD18 /* chapter4-es.patch in Resources */,
				0FD7E60E1D7F1D2D0061BD18 /* book-add-chapters-es.patch in Resources */,
				0FF8F9E41D5ACD2D008666E8 /* BookChapters.plist in Resources */,
				0FD7E5F21D7F19390061BD18 /* book-add-chapters-en.patch in Resources */,
				0FD7E5F71D7F19390061BD18 /* chapter3-en.patch in Resources */,
				0FD7E5FC1D7F19390061BD18 /* chapter8-en.patch in Resources */,
				0F28D0BD1D4E755B002C98E7 /* Help.storyboard in Resources */,
				0FD7E6131D7F1D2D0061BD18 /* chapter3-es.patch in Resources */,
				0FD7E5F51D7F19390061BD18 /* chapter1-en.patch in Resources */,
				0FD7E61A1D7F1D2D0061BD18 /* chapter10-es.patch in Resources */,
				0FD7E5FE1D7F19390061BD18 /* chapter10-en.patch in Resources */,
				0F28D0B71D4E74E3002C98E7 /* Book.storyboard in Resources */,
				0FD7E5F81D7F19390061BD18 /* chapter4-en.patch in Resources */,
				0F0FB5991D7DE7B100546BD0 /* css-es.patch in Resources */,
				E7ED2B5D1D52135600F85992 /* EmotionCodeChart.plist in Resources */,
				0FD7E6151D7F1D2D0061BD18 /* chapter5-es.patch in Resources */,
				0F669F4F1D78AC33003AD410 /* PatchBook.sh in Resources */,
				0FD7E6191D7F1D2D0061BD18 /* chapter9-es.patch in Resources */,
				0FD7E6121D7F1D2D0061BD18 /* chapter2-es.patch in Resources */,
				0F28D0BA1D4E7501002C98E7 /* Chart.storyboard in Resources */,
				0FD7E6171D7F1D2D0061BD18 /* chapter7-es.patch in Resources */,
				0FD7E6181D7F1D2D0061BD18 /* chapter8-es.patch in Resources */,
				0FD7E6161D7F1D2D0061BD18 /* chapter6-es.patch in Resources */,
				915EEC441D460CE1005CC318 /* Assets.xcassets in Resources */,
				0FD7E5F31D7F19390061BD18 /* book-fix-chapter-quote-en.patch in Resources */,
				0FD7E5FF1D7F19390061BD18 /* chapter11-en.patch in Resources */,
				0F0FB5971D7DE65800546BD0 /* css-en.patch in Resources */,
				0FD7E6111D7F1D2D0061BD18 /* chapter1-es.patch in Resources */,
				915EEC421D460CE1005CC318 /* TabBar.storyboard in Resources */,
				0FD7E5FA1D7F19390061BD18 /* chapter6-en.patch in Resources */,
				0FD7E61B1D7F1D2D0061BD18 /* chapter11-es.patch in Resources */,
				0FD7E5FB1D7F19390061BD18 /* chapter7-en.patch in Resources */,
			);
			runOnlyForDeploymentPostprocessing = 0;
		};
		915EEC4B1D460CE1005CC318 /* Resources */ = {
			isa = PBXResourcesBuildPhase;
			buildActionMask = 2147483647;
			files = (
			);
			runOnlyForDeploymentPostprocessing = 0;
		};
/* End PBXResourcesBuildPhase section */

/* Begin PBXShellScriptBuildPhase section */
		0F669F501D78AD32003AD410 /* Run PatchBook */ = {
			isa = PBXShellScriptBuildPhase;
			buildActionMask = 2147483647;
			files = (
			);
			inputPaths = (
			);
			name = "Run PatchBook";
			outputPaths = (
			);
			runOnlyForDeploymentPostprocessing = 0;
			shellPath = /bin/sh;
			shellScript = "\"$PROJECT_NAME\"/PatchBook.sh";
		};
		0FF641891D5A6A3100EDF903 /* Run MarkupLint */ = {
			isa = PBXShellScriptBuildPhase;
			buildActionMask = 2147483647;
			files = (
			);
			inputPaths = (
			);
			name = "Run MarkupLint";
			outputPaths = (
			);
			runOnlyForDeploymentPostprocessing = 0;
			shellPath = /bin/sh;
			shellScript = "\"$PROJECT_NAME\"/MarkupLint.sh";
			showEnvVarsInLog = 0;
		};
		9141D9081D48A256009173A9 /* Run SwiftLint */ = {
			isa = PBXShellScriptBuildPhase;
			buildActionMask = 2147483647;
			files = (
			);
			inputPaths = (
			);
			name = "Run SwiftLint";
			outputPaths = (
			);
			runOnlyForDeploymentPostprocessing = 0;
			shellPath = /bin/sh;
			shellScript = "swiftlint lint --strict";
			showEnvVarsInLog = 0;
		};
		9141D90B1D48A2F8009173A9 /* Run StoryboardLint */ = {
			isa = PBXShellScriptBuildPhase;
			buildActionMask = 2147483647;
			files = (
			);
			inputPaths = (
			);
			name = "Run StoryboardLint";
			outputPaths = (
			);
			runOnlyForDeploymentPostprocessing = 0;
			shellPath = /bin/sh;
			shellScript = "\"$PROJECT_NAME\"/StoryboardLint.sh";
			showEnvVarsInLog = 0;
		};
/* End PBXShellScriptBuildPhase section */

/* Begin PBXSourcesBuildPhase section */
		915EEC351D460CE1005CC318 /* Sources */ = {
			isa = PBXSourcesBuildPhase;
			buildActionMask = 2147483647;
			files = (
				B65C13F71DB0F572008B4A77 /* ItemCollectionViewCell.swift in Sources */,
				91187B231D6776A00098A881 /* ChapterTitleView.swift in Sources */,
				0F74006B1D6F476E00ADAC99 /* BookChaptersTableView.swift in Sources */,
				91B88ACF1D58B8EC00DFCDB2 /* ChartController.swift in Sources */,
				B6F8B1921DB499AE0015789A /* ChartLayout.swift in Sources */,
				0F3936641D5B9374003CC6C0 /* BookController.swift in Sources */,
				91B88ACD1D58B8E600DFCDB2 /* Chart.swift in Sources */,
				B65C13F51DB0F518008B4A77 /* ChartCollectionViewController.swift in Sources */,
				0FF8F9EA1D5ACFE4008666E8 /* Book.swift in Sources */,
				0F3EAFE01D6CD6480059C312 /* BookChapterView.swift in Sources */,
				0F4BA9C81D636765003CCFE9 /* BookPageViewController.swift in Sources */,
				0FA620E41D6D3A4A00E48335 /* ChapterTableViewCell.swift in Sources */,
				0F283E401D6DF24E00A38B89 /* BookSegueController.swift in Sources */,
				915EEC3D1D460CE1005CC318 /* AppDelegate.swift in Sources */,
				0FA620E61D6D3AA900E48335 /* BookChapterListViewController.swift in Sources */,
				0F4BA9CA1D6368DA003CCFE9 /* BookChapterViewController.swift in Sources */,
				B65C13F91DB10EDD008B4A77 /* ChartColumnCollectionViewController.swift in Sources */,
			);
			runOnlyForDeploymentPostprocessing = 0;
		};
		915EEC491D460CE1005CC318 /* Sources */ = {
			isa = PBXSourcesBuildPhase;
			buildActionMask = 2147483647;
			files = (
				91AD7CE41D534D2500FBEBF7 /* TabNavigationBookTests.swift in Sources */,
				91AD7CEC1D534D6E00FBEBF7 /* XCUIApplication+SafeLaunch.swift in Sources */,
				0F283E441D6DFC8A00A38B89 /* BookChapterSelectionTests.swift in Sources */,
				91AD7CE81D534D3400FBEBF7 /* TabNavigationHelpTests.swift in Sources */,
				91AD7CE21D534D0400FBEBF7 /* TabNavigationDefaultTests.swift in Sources */,
				0FCA00FD1D60EDCC0020018A /* XCUIApplication+Window.swift in Sources */,
				0F3EAFDE1D6CA34B0059C312 /* XCUIElementQuery+FirstLast.swift in Sources */,
				0FCA00FF1D60EEBD0020018A /* BookNavigationBarButtonTests.swift in Sources */,
				91187B201D676FFB0098A881 /* BookChapterLayoutTests.swift in Sources */,
				91AD7CE61D534D2D00FBEBF7 /* TabNavigationChartTests.swift in Sources */,
				91AD7CEA1D534D6400FBEBF7 /* XCTestCase+App.swift in Sources */,
				0F1687281D6515A8006C3FE2 /* BookNavigationBarLayoutTests.swift in Sources */,
				0F283E421D6DF93000A38B89 /* BookChapterSelectionLayoutTests.swift in Sources */,
				0F464FB41D621D4E0036D762 /* BookSwipeGesturesTests.swift in Sources */,
				91AD7CE01D534CEB00FBEBF7 /* TabNavigationLayoutTests.swift in Sources */,
			);
			runOnlyForDeploymentPostprocessing = 0;
		};
/* End PBXSourcesBuildPhase section */

/* Begin PBXTargetDependency section */
		915EEC4F1D460CE1005CC318 /* PBXTargetDependency */ = {
			isa = PBXTargetDependency;
			target = 915EEC381D460CE1005CC318 /* EmotionCode */;
			targetProxy = 915EEC4E1D460CE1005CC318 /* PBXContainerItemProxy */;
		};
/* End PBXTargetDependency section */

/* Begin PBXVariantGroup section */
		0F28D0B51D4E74E3002C98E7 /* Book.storyboard */ = {
			isa = PBXVariantGroup;
			children = (
				0F28D0B61D4E74E3002C98E7 /* Base */,
			);
			name = Book.storyboard;
			sourceTree = "<group>";
		};
		0F28D0B81D4E7501002C98E7 /* Chart.storyboard */ = {
			isa = PBXVariantGroup;
			children = (
				0F28D0B91D4E7501002C98E7 /* Base */,
			);
			name = Chart.storyboard;
			sourceTree = "<group>";
		};
		0F28D0BB1D4E755B002C98E7 /* Help.storyboard */ = {
			isa = PBXVariantGroup;
			children = (
				0F28D0BC1D4E755B002C98E7 /* Base */,
			);
			name = Help.storyboard;
			sourceTree = "<group>";
		};
		0FF8F9E61D5ACD2D008666E8 /* BookChapters.plist */ = {
			isa = PBXVariantGroup;
			children = (
				0FF8F9E51D5ACD2D008666E8 /* Base */,
				0FF8F9E71D5ACD2E008666E8 /* en */,
				0FF8F9E81D5ACD2F008666E8 /* es */,
			);
			name = BookChapters.plist;
			sourceTree = "<group>";
		};
		915EEC401D460CE1005CC318 /* TabBar.storyboard */ = {
			isa = PBXVariantGroup;
			children = (
				915EEC411D460CE1005CC318 /* Base */,
			);
			name = TabBar.storyboard;
			sourceTree = "<group>";
		};
		915EEC451D460CE1005CC318 /* LaunchScreen.storyboard */ = {
			isa = PBXVariantGroup;
			children = (
				915EEC461D460CE1005CC318 /* Base */,
			);
			name = LaunchScreen.storyboard;
			sourceTree = "<group>";
		};
		E7ED2B5F1D52135600F85992 /* EmotionCodeChart.plist */ = {
			isa = PBXVariantGroup;
			children = (
				E7ED2B5E1D52135600F85992 /* Base */,
				E7ED2B601D52135B00F85992 /* en */,
				E7ED2B611D5213DF00F85992 /* es */,
			);
			name = EmotionCodeChart.plist;
			sourceTree = "<group>";
		};
/* End PBXVariantGroup section */

/* Begin XCBuildConfiguration section */
		915EEC541D460CE1005CC318 /* Debug */ = {
			isa = XCBuildConfiguration;
			buildSettings = {
				ALWAYS_SEARCH_USER_PATHS = NO;
				CLANG_ANALYZER_LOCALIZABILITY_NONLOCALIZED = YES;
				CLANG_ANALYZER_NONNULL = YES;
				CLANG_CXX_LANGUAGE_STANDARD = "gnu++0x";
				CLANG_CXX_LIBRARY = "libc++";
				CLANG_ENABLE_MODULES = YES;
				CLANG_ENABLE_OBJC_ARC = YES;
				CLANG_WARN_BOOL_CONVERSION = YES;
				CLANG_WARN_CONSTANT_CONVERSION = YES;
				CLANG_WARN_DIRECT_OBJC_ISA_USAGE = YES_ERROR;
				CLANG_WARN_EMPTY_BODY = YES;
				CLANG_WARN_ENUM_CONVERSION = YES;
				CLANG_WARN_INFINITE_RECURSION = YES;
				CLANG_WARN_INT_CONVERSION = YES;
				CLANG_WARN_OBJC_ROOT_CLASS = YES_ERROR;
				CLANG_WARN_SUSPICIOUS_MOVE = YES;
				CLANG_WARN_UNREACHABLE_CODE = YES;
				CLANG_WARN__DUPLICATE_METHOD_MATCH = YES;
				"CODE_SIGN_IDENTITY[sdk=iphoneos*]" = "iPhone Developer";
				COPY_PHASE_STRIP = NO;
				DEBUG_INFORMATION_FORMAT = dwarf;
				ENABLE_STRICT_OBJC_MSGSEND = YES;
				ENABLE_TESTABILITY = YES;
				GCC_C_LANGUAGE_STANDARD = gnu99;
				GCC_DYNAMIC_NO_PIC = NO;
				GCC_NO_COMMON_BLOCKS = YES;
				GCC_OPTIMIZATION_LEVEL = 0;
				GCC_PREPROCESSOR_DEFINITIONS = (
					"DEBUG=1",
					"$(inherited)",
				);
				GCC_WARN_64_TO_32_BIT_CONVERSION = YES;
				GCC_WARN_ABOUT_RETURN_TYPE = YES_ERROR;
				GCC_WARN_UNDECLARED_SELECTOR = YES;
				GCC_WARN_UNINITIALIZED_AUTOS = YES_AGGRESSIVE;
				GCC_WARN_UNUSED_FUNCTION = YES;
				GCC_WARN_UNUSED_VARIABLE = YES;
				IPHONEOS_DEPLOYMENT_TARGET = 9.3;
				MTL_ENABLE_DEBUG_INFO = YES;
				ONLY_ACTIVE_ARCH = YES;
				SDKROOT = iphoneos;
				SWIFT_OPTIMIZATION_LEVEL = "-Onone";
				TARGETED_DEVICE_FAMILY = "1,2";
			};
			name = Debug;
		};
		915EEC551D460CE1005CC318 /* Release */ = {
			isa = XCBuildConfiguration;
			buildSettings = {
				ALWAYS_SEARCH_USER_PATHS = NO;
				CLANG_ANALYZER_LOCALIZABILITY_NONLOCALIZED = YES;
				CLANG_ANALYZER_NONNULL = YES;
				CLANG_CXX_LANGUAGE_STANDARD = "gnu++0x";
				CLANG_CXX_LIBRARY = "libc++";
				CLANG_ENABLE_MODULES = YES;
				CLANG_ENABLE_OBJC_ARC = YES;
				CLANG_WARN_BOOL_CONVERSION = YES;
				CLANG_WARN_CONSTANT_CONVERSION = YES;
				CLANG_WARN_DIRECT_OBJC_ISA_USAGE = YES_ERROR;
				CLANG_WARN_EMPTY_BODY = YES;
				CLANG_WARN_ENUM_CONVERSION = YES;
				CLANG_WARN_INFINITE_RECURSION = YES;
				CLANG_WARN_INT_CONVERSION = YES;
				CLANG_WARN_OBJC_ROOT_CLASS = YES_ERROR;
				CLANG_WARN_SUSPICIOUS_MOVE = YES;
				CLANG_WARN_UNREACHABLE_CODE = YES;
				CLANG_WARN__DUPLICATE_METHOD_MATCH = YES;
				"CODE_SIGN_IDENTITY[sdk=iphoneos*]" = "iPhone Developer";
				COPY_PHASE_STRIP = NO;
				DEBUG_INFORMATION_FORMAT = "dwarf-with-dsym";
				ENABLE_NS_ASSERTIONS = NO;
				ENABLE_STRICT_OBJC_MSGSEND = YES;
				GCC_C_LANGUAGE_STANDARD = gnu99;
				GCC_NO_COMMON_BLOCKS = YES;
				GCC_WARN_64_TO_32_BIT_CONVERSION = YES;
				GCC_WARN_ABOUT_RETURN_TYPE = YES_ERROR;
				GCC_WARN_UNDECLARED_SELECTOR = YES;
				GCC_WARN_UNINITIALIZED_AUTOS = YES_AGGRESSIVE;
				GCC_WARN_UNUSED_FUNCTION = YES;
				GCC_WARN_UNUSED_VARIABLE = YES;
				IPHONEOS_DEPLOYMENT_TARGET = 9.3;
				MTL_ENABLE_DEBUG_INFO = NO;
				SDKROOT = iphoneos;
				SWIFT_OPTIMIZATION_LEVEL = "-Owholemodule";
				TARGETED_DEVICE_FAMILY = "1,2";
				VALIDATE_PRODUCT = YES;
			};
			name = Release;
		};
		915EEC571D460CE1005CC318 /* Debug */ = {
			isa = XCBuildConfiguration;
			buildSettings = {
				ASSETCATALOG_COMPILER_APPICON_NAME = AppIcon;
				CODE_SIGN_IDENTITY = "iPhone Developer";
				INFOPLIST_FILE = EmotionCode/Info.plist;
				LD_RUNPATH_SEARCH_PATHS = "$(inherited) @executable_path/Frameworks";
				PRODUCT_BUNDLE_IDENTIFIER = com.discoverhealing.emotioncode;
				PRODUCT_NAME = "$(TARGET_NAME)";
				SWIFT_VERSION = 3.0;
			};
			name = Debug;
		};
		915EEC581D460CE1005CC318 /* Release */ = {
			isa = XCBuildConfiguration;
			buildSettings = {
				ASSETCATALOG_COMPILER_APPICON_NAME = AppIcon;
				CODE_SIGN_IDENTITY = "iPhone Developer";
				INFOPLIST_FILE = EmotionCode/Info.plist;
				LD_RUNPATH_SEARCH_PATHS = "$(inherited) @executable_path/Frameworks";
				PRODUCT_BUNDLE_IDENTIFIER = com.discoverhealing.emotioncode;
				PRODUCT_NAME = "$(TARGET_NAME)";
				SWIFT_VERSION = 3.0;
			};
			name = Release;
		};
		915EEC5A1D460CE1005CC318 /* Debug */ = {
			isa = XCBuildConfiguration;
			buildSettings = {
				INFOPLIST_FILE = EmotionCodeUITests/Info.plist;
				LD_RUNPATH_SEARCH_PATHS = "$(inherited) @executable_path/Frameworks @loader_path/Frameworks";
				PRODUCT_BUNDLE_IDENTIFIER = TBD.EmotionCodeUITests;
				PRODUCT_NAME = "$(TARGET_NAME)";
				SWIFT_VERSION = 3.0;
				TEST_TARGET_NAME = EmotionCode;
			};
			name = Debug;
		};
		915EEC5B1D460CE1005CC318 /* Release */ = {
			isa = XCBuildConfiguration;
			buildSettings = {
				INFOPLIST_FILE = EmotionCodeUITests/Info.plist;
				LD_RUNPATH_SEARCH_PATHS = "$(inherited) @executable_path/Frameworks @loader_path/Frameworks";
				PRODUCT_BUNDLE_IDENTIFIER = TBD.EmotionCodeUITests;
				PRODUCT_NAME = "$(TARGET_NAME)";
				SWIFT_VERSION = 3.0;
				TEST_TARGET_NAME = EmotionCode;
			};
			name = Release;
		};
/* End XCBuildConfiguration section */

/* Begin XCConfigurationList section */
		915EEC341D460CE1005CC318 /* Build configuration list for PBXProject "EmotionCode" */ = {
			isa = XCConfigurationList;
			buildConfigurations = (
				915EEC541D460CE1005CC318 /* Debug */,
				915EEC551D460CE1005CC318 /* Release */,
			);
			defaultConfigurationIsVisible = 0;
			defaultConfigurationName = Release;
		};
		915EEC561D460CE1005CC318 /* Build configuration list for PBXNativeTarget "EmotionCode" */ = {
			isa = XCConfigurationList;
			buildConfigurations = (
				915EEC571D460CE1005CC318 /* Debug */,
				915EEC581D460CE1005CC318 /* Release */,
			);
			defaultConfigurationIsVisible = 0;
			defaultConfigurationName = Release;
		};
		915EEC591D460CE1005CC318 /* Build configuration list for PBXNativeTarget "EmotionCodeUITests" */ = {
			isa = XCConfigurationList;
			buildConfigurations = (
				915EEC5A1D460CE1005CC318 /* Debug */,
				915EEC5B1D460CE1005CC318 /* Release */,
			);
			defaultConfigurationIsVisible = 0;
			defaultConfigurationName = Release;
		};
/* End XCConfigurationList section */
	};
	rootObject = 915EEC311D460CE1005CC318 /* Project object */;
}
