// !$*UTF8*$!
{
	archiveVersion = 1;
	classes = {
	};
	objectVersion = 46;
	objects = {

/* Begin PBXBuildFile section */
		0F28D0B71D4E74E3002C98E7 /* Book.storyboard in Resources */ = {isa = PBXBuildFile; fileRef = 0F28D0B51D4E74E3002C98E7 /* Book.storyboard */; };
		0F28D0BA1D4E7501002C98E7 /* Chart.storyboard in Resources */ = {isa = PBXBuildFile; fileRef = 0F28D0B81D4E7501002C98E7 /* Chart.storyboard */; };
		0F28D0BD1D4E755B002C98E7 /* Help.storyboard in Resources */ = {isa = PBXBuildFile; fileRef = 0F28D0BB1D4E755B002C98E7 /* Help.storyboard */; };
		915EEC3D1D460CE1005CC318 /* AppDelegate.swift in Sources */ = {isa = PBXBuildFile; fileRef = 915EEC3C1D460CE1005CC318 /* AppDelegate.swift */; };
		915EEC421D460CE1005CC318 /* TabBar.storyboard in Resources */ = {isa = PBXBuildFile; fileRef = 915EEC401D460CE1005CC318 /* TabBar.storyboard */; };
		915EEC441D460CE1005CC318 /* Assets.xcassets in Resources */ = {isa = PBXBuildFile; fileRef = 915EEC431D460CE1005CC318 /* Assets.xcassets */; };
		915EEC471D460CE1005CC318 /* LaunchScreen.storyboard in Resources */ = {isa = PBXBuildFile; fileRef = 915EEC451D460CE1005CC318 /* LaunchScreen.storyboard */; };
		915EEC521D460CE1005CC318 /* EmotionCodeUITests.swift in Sources */ = {isa = PBXBuildFile; fileRef = 915EEC511D460CE1005CC318 /* EmotionCodeUITests.swift */; };
/* End PBXBuildFile section */

/* Begin PBXContainerItemProxy section */
		915EEC4E1D460CE1005CC318 /* PBXContainerItemProxy */ = {
			isa = PBXContainerItemProxy;
			containerPortal = 915EEC311D460CE1005CC318 /* Project object */;
			proxyType = 1;
			remoteGlobalIDString = 915EEC381D460CE1005CC318;
			remoteInfo = EmotionCode;
		};
/* End PBXContainerItemProxy section */

/* Begin PBXFileReference section */
		0F28D0B61D4E74E3002C98E7 /* Base */ = {isa = PBXFileReference; lastKnownFileType = file.storyboard; name = Base; path = Base.lproj/Book.storyboard; sourceTree = "<group>"; };
		0F28D0B91D4E7501002C98E7 /* Base */ = {isa = PBXFileReference; lastKnownFileType = file.storyboard; name = Base; path = Base.lproj/Chart.storyboard; sourceTree = "<group>"; };
		0F28D0BC1D4E755B002C98E7 /* Base */ = {isa = PBXFileReference; lastKnownFileType = file.storyboard; name = Base; path = Base.lproj/Help.storyboard; sourceTree = "<group>"; };
		9141D9091D48A2D7009173A9 /* StoryboardLint.sh */ = {isa = PBXFileReference; lastKnownFileType = text.script.sh; path = StoryboardLint.sh; sourceTree = "<group>"; };
		915EEC391D460CE1005CC318 /* EmotionCode.app */ = {isa = PBXFileReference; explicitFileType = wrapper.application; includeInIndex = 0; path = EmotionCode.app; sourceTree = BUILT_PRODUCTS_DIR; };
		915EEC3C1D460CE1005CC318 /* AppDelegate.swift */ = {isa = PBXFileReference; lastKnownFileType = sourcecode.swift; path = AppDelegate.swift; sourceTree = "<group>"; };
		915EEC411D460CE1005CC318 /* Base */ = {isa = PBXFileReference; lastKnownFileType = file.storyboard; name = Base; path = Base.lproj/TabBar.storyboard; sourceTree = "<group>"; };
		915EEC431D460CE1005CC318 /* Assets.xcassets */ = {isa = PBXFileReference; lastKnownFileType = folder.assetcatalog; path = Assets.xcassets; sourceTree = "<group>"; };
		915EEC461D460CE1005CC318 /* Base */ = {isa = PBXFileReference; lastKnownFileType = file.storyboard; name = Base; path = Base.lproj/LaunchScreen.storyboard; sourceTree = "<group>"; };
		915EEC481D460CE1005CC318 /* Info.plist */ = {isa = PBXFileReference; lastKnownFileType = text.plist.xml; path = Info.plist; sourceTree = "<group>"; };
		915EEC4D1D460CE1005CC318 /* EmotionCodeUITests.xctest */ = {isa = PBXFileReference; explicitFileType = wrapper.cfbundle; includeInIndex = 0; path = EmotionCodeUITests.xctest; sourceTree = BUILT_PRODUCTS_DIR; };
		915EEC511D460CE1005CC318 /* EmotionCodeUITests.swift */ = {isa = PBXFileReference; lastKnownFileType = sourcecode.swift; path = EmotionCodeUITests.swift; sourceTree = "<group>"; };
		915EEC531D460CE1005CC318 /* Info.plist */ = {isa = PBXFileReference; lastKnownFileType = text.plist.xml; path = Info.plist; sourceTree = "<group>"; };
/* End PBXFileReference section */

/* Begin PBXFrameworksBuildPhase section */
		915EEC361D460CE1005CC318 /* Frameworks */ = {
			isa = PBXFrameworksBuildPhase;
			buildActionMask = 2147483647;
			files = (
			);
			runOnlyForDeploymentPostprocessing = 0;
		};
		915EEC4A1D460CE1005CC318 /* Frameworks */ = {
			isa = PBXFrameworksBuildPhase;
			buildActionMask = 2147483647;
			files = (
			);
			runOnlyForDeploymentPostprocessing = 0;
		};
/* End PBXFrameworksBuildPhase section */

/* Begin PBXGroup section */
		0F28D0BE1D4E7624002C98E7 /* Controllers */ = {
			isa = PBXGroup;
			children = (
			);
			name = Controllers;
			sourceTree = "<group>";
		};
		0F28D0BF1D4E763B002C98E7 /* Storyboards */ = {
			isa = PBXGroup;
			children = (
				915EEC451D460CE1005CC318 /* LaunchScreen.storyboard */,
				915EEC401D460CE1005CC318 /* TabBar.storyboard */,
				0F28D0B51D4E74E3002C98E7 /* Book.storyboard */,
				0F28D0B81D4E7501002C98E7 /* Chart.storyboard */,
				0F28D0BB1D4E755B002C98E7 /* Help.storyboard */,
			);
			name = Storyboards;
			sourceTree = "<group>";
		};
		0F28D0C01D4E7659002C98E7 /* Shared */ = {
			isa = PBXGroup;
			children = (
				9141D9091D48A2D7009173A9 /* StoryboardLint.sh */,
			);
			name = Shared;
			sourceTree = "<group>";
		};
		915EEC301D460CE1005CC318 = {
			isa = PBXGroup;
			children = (
				915EEC3B1D460CE1005CC318 /* EmotionCode */,
				915EEC501D460CE1005CC318 /* EmotionCodeUITests */,
				915EEC3A1D460CE1005CC318 /* Products */,
			);
			sourceTree = "<group>";
		};
		915EEC3A1D460CE1005CC318 /* Products */ = {
			isa = PBXGroup;
			children = (
				915EEC391D460CE1005CC318 /* EmotionCode.app */,
				915EEC4D1D460CE1005CC318 /* EmotionCodeUITests.xctest */,
			);
			name = Products;
			sourceTree = "<group>";
		};
		915EEC3B1D460CE1005CC318 /* EmotionCode */ = {
			isa = PBXGroup;
			children = (
				915EEC3C1D460CE1005CC318 /* AppDelegate.swift */,
				0F28D0BE1D4E7624002C98E7 /* Controllers */,
				0F28D0BF1D4E763B002C98E7 /* Storyboards */,
				0F28D0C01D4E7659002C98E7 /* Shared */,
				915EEC431D460CE1005CC318 /* Assets.xcassets */,
				915EEC481D460CE1005CC318 /* Info.plist */,
			);
			path = EmotionCode;
			sourceTree = "<group>";
		};
		915EEC501D460CE1005CC318 /* EmotionCodeUITests */ = {
			isa = PBXGroup;
			children = (
				915EEC511D460CE1005CC318 /* EmotionCodeUITests.swift */,
				915EEC531D460CE1005CC318 /* Info.plist */,
			);
			path = EmotionCodeUITests;
			sourceTree = "<group>";
		};
/* End PBXGroup section */

/* Begin PBXNativeTarget section */
		915EEC381D460CE1005CC318 /* EmotionCode */ = {
			isa = PBXNativeTarget;
			buildConfigurationList = 915EEC561D460CE1005CC318 /* Build configuration list for PBXNativeTarget "EmotionCode" */;
			buildPhases = (
				9141D9081D48A256009173A9 /* Run SwiftLint */,
				9141D90B1D48A2F8009173A9 /* Run StoryboardLint */,
				915EEC351D460CE1005CC318 /* Sources */,
				915EEC361D460CE1005CC318 /* Frameworks */,
				915EEC371D460CE1005CC318 /* Resources */,
			);
			buildRules = (
			);
			dependencies = (
			);
			name = EmotionCode;
			productName = EmotionCode;
			productReference = 915EEC391D460CE1005CC318 /* EmotionCode.app */;
			productType = "com.apple.product-type.application";
		};
		915EEC4C1D460CE1005CC318 /* EmotionCodeUITests */ = {
			isa = PBXNativeTarget;
			buildConfigurationList = 915EEC591D460CE1005CC318 /* Build configuration list for PBXNativeTarget "EmotionCodeUITests" */;
			buildPhases = (
				915EEC491D460CE1005CC318 /* Sources */,
				915EEC4A1D460CE1005CC318 /* Frameworks */,
				915EEC4B1D460CE1005CC318 /* Resources */,
			);
			buildRules = (
			);
			dependencies = (
				915EEC4F1D460CE1005CC318 /* PBXTargetDependency */,
			);
			name = EmotionCodeUITests;
			productName = EmotionCodeUITests;
			productReference = 915EEC4D1D460CE1005CC318 /* EmotionCodeUITests.xctest */;
			productType = "com.apple.product-type.bundle.ui-testing";
		};
/* End PBXNativeTarget section */

/* Begin PBXProject section */
		915EEC311D460CE1005CC318 /* Project object */ = {
			isa = PBXProject;
			attributes = {
				LastSwiftUpdateCheck = 0730;
				LastUpgradeCheck = 0730;
				ORGANIZATIONNAME = DiscoverHealing.com;
				TargetAttributes = {
					915EEC381D460CE1005CC318 = {
						CreatedOnToolsVersion = 7.3.1;
					};
					915EEC4C1D460CE1005CC318 = {
						CreatedOnToolsVersion = 7.3.1;
						TestTargetID = 915EEC381D460CE1005CC318;
					};
				};
			};
			buildConfigurationList = 915EEC341D460CE1005CC318 /* Build configuration list for PBXProject "EmotionCode" */;
			compatibilityVersion = "Xcode 3.2";
			developmentRegion = English;
			hasScannedForEncodings = 0;
			knownRegions = (
				en,
				Base,
			);
			mainGroup = 915EEC301D460CE1005CC318;
			productRefGroup = 915EEC3A1D460CE1005CC318 /* Products */;
			projectDirPath = "";
			projectRoot = "";
			targets = (
				915EEC381D460CE1005CC318 /* EmotionCode */,
				915EEC4C1D460CE1005CC318 /* EmotionCodeUITests */,
			);
		};
/* End PBXProject section */

/* Begin PBXResourcesBuildPhase section */
		915EEC371D460CE1005CC318 /* Resources */ = {
			isa = PBXResourcesBuildPhase;
			buildActionMask = 2147483647;
			files = (
				915EEC471D460CE1005CC318 /* LaunchScreen.storyboard in Resources */,
				0F28D0BD1D4E755B002C98E7 /* Help.storyboard in Resources */,
				0F28D0B71D4E74E3002C98E7 /* Book.storyboard in Resources */,
				0F28D0BA1D4E7501002C98E7 /* Chart.storyboard in Resources */,
				915EEC441D460CE1005CC318 /* Assets.xcassets in Resources */,
				915EEC421D460CE1005CC318 /* TabBar.storyboard in Resources */,
			);
			runOnlyForDeploymentPostprocessing = 0;
		};
		915EEC4B1D460CE1005CC318 /* Resources */ = {
			isa = PBXResourcesBuildPhase;
			buildActionMask = 2147483647;
			files = (
			);
			runOnlyForDeploymentPostprocessing = 0;
		};
/* End PBXResourcesBuildPhase section */

/* Begin PBXShellScriptBuildPhase section */
		9141D9081D48A256009173A9 /* Run SwiftLint */ = {
			isa = PBXShellScriptBuildPhase;
			buildActionMask = 2147483647;
			files = (
			);
			inputPaths = (
			);
			name = "Run SwiftLint";
			outputPaths = (
			);
			runOnlyForDeploymentPostprocessing = 0;
			shellPath = /bin/sh;
			shellScript = "swiftlint lint --strict";
			showEnvVarsInLog = 0;
		};
		9141D90B1D48A2F8009173A9 /* Run StoryboardLint */ = {
			isa = PBXShellScriptBuildPhase;
			buildActionMask = 2147483647;
			files = (
			);
			inputPaths = (
			);
			name = "Run StoryboardLint";
			outputPaths = (
			);
			runOnlyForDeploymentPostprocessing = 0;
			shellPath = /bin/sh;
			shellScript = "\"$PROJECT_NAME\"/StoryboardLint.sh";
			showEnvVarsInLog = 0;
		};
/* End PBXShellScriptBuildPhase section */

/* Begin PBXSourcesBuildPhase section */
		915EEC351D460CE1005CC318 /* Sources */ = {
			isa = PBXSourcesBuildPhase;
			buildActionMask = 2147483647;
			files = (
				915EEC3D1D460CE1005CC318 /* AppDelegate.swift in Sources */,
			);
			runOnlyForDeploymentPostprocessing = 0;
		};
		915EEC491D460CE1005CC318 /* Sources */ = {
			isa = PBXSourcesBuildPhase;
			buildActionMask = 2147483647;
			files = (
				915EEC521D460CE1005CC318 /* EmotionCodeUITests.swift in Sources */,
			);
			runOnlyForDeploymentPostprocessing = 0;
		};
/* End PBXSourcesBuildPhase section */

/* Begin PBXTargetDependency section */
		915EEC4F1D460CE1005CC318 /* PBXTargetDependency */ = {
			isa = PBXTargetDependency;
			target = 915EEC381D460CE1005CC318 /* EmotionCode */;
			targetProxy = 915EEC4E1D460CE1005CC318 /* PBXContainerItemProxy */;
		};
/* End PBXTargetDependency section */

/* Begin PBXVariantGroup section */
		0F28D0B51D4E74E3002C98E7 /* Book.storyboard */ = {
			isa = PBXVariantGroup;
			children = (
				0F28D0B61D4E74E3002C98E7 /* Base */,
			);
			name = Book.storyboard;
			sourceTree = "<group>";
		};
		0F28D0B81D4E7501002C98E7 /* Chart.storyboard */ = {
			isa = PBXVariantGroup;
			children = (
				0F28D0B91D4E7501002C98E7 /* Base */,
			);
			name = Chart.storyboard;
			sourceTree = "<group>";
		};
		0F28D0BB1D4E755B002C98E7 /* Help.storyboard */ = {
			isa = PBXVariantGroup;
			children = (
				0F28D0BC1D4E755B002C98E7 /* Base */,
			);
			name = Help.storyboard;
			sourceTree = "<group>";
		};
		915EEC401D460CE1005CC318 /* TabBar.storyboard */ = {
			isa = PBXVariantGroup;
			children = (
				915EEC411D460CE1005CC318 /* Base */,
			);
			name = TabBar.storyboard;
			sourceTree = "<group>";
		};
		915EEC451D460CE1005CC318 /* LaunchScreen.storyboard */ = {
			isa = PBXVariantGroup;
			children = (
				915EEC461D460CE1005CC318 /* Base */,
			);
			name = LaunchScreen.storyboard;
			sourceTree = "<group>";
		};
/* End PBXVariantGroup section */

/* Begin XCBuildConfiguration section */
		915EEC541D460CE1005CC318 /* Debug */ = {
			isa = XCBuildConfiguration;
			buildSettings = {
				ALWAYS_SEARCH_USER_PATHS = NO;
				CLANG_ANALYZER_NONNULL = YES;
				CLANG_CXX_LANGUAGE_STANDARD = "gnu++0x";
				CLANG_CXX_LIBRARY = "libc++";
				CLANG_ENABLE_MODULES = YES;
				CLANG_ENABLE_OBJC_ARC = YES;
				CLANG_WARN_BOOL_CONVERSION = YES;
				CLANG_WARN_CONSTANT_CONVERSION = YES;
				CLANG_WARN_DIRECT_OBJC_ISA_USAGE = YES_ERROR;
				CLANG_WARN_EMPTY_BODY = YES;
				CLANG_WARN_ENUM_CONVERSION = YES;
				CLANG_WARN_INT_CONVERSION = YES;
				CLANG_WARN_OBJC_ROOT_CLASS = YES_ERROR;
				CLANG_WARN_UNREACHABLE_CODE = YES;
				CLANG_WARN__DUPLICATE_METHOD_MATCH = YES;
				"CODE_SIGN_IDENTITY[sdk=iphoneos*]" = "iPhone Developer";
				COPY_PHASE_STRIP = NO;
				DEBUG_INFORMATION_FORMAT = dwarf;
				ENABLE_STRICT_OBJC_MSGSEND = YES;
				ENABLE_TESTABILITY = YES;
				GCC_C_LANGUAGE_STANDARD = gnu99;
				GCC_DYNAMIC_NO_PIC = NO;
				GCC_NO_COMMON_BLOCKS = YES;
				GCC_OPTIMIZATION_LEVEL = 0;
				GCC_PREPROCESSOR_DEFINITIONS = (
					"DEBUG=1",
					"$(inherited)",
				);
				GCC_WARN_64_TO_32_BIT_CONVERSION = YES;
				GCC_WARN_ABOUT_RETURN_TYPE = YES_ERROR;
				GCC_WARN_UNDECLARED_SELECTOR = YES;
				GCC_WARN_UNINITIALIZED_AUTOS = YES_AGGRESSIVE;
				GCC_WARN_UNUSED_FUNCTION = YES;
				GCC_WARN_UNUSED_VARIABLE = YES;
				IPHONEOS_DEPLOYMENT_TARGET = 9.3;
				MTL_ENABLE_DEBUG_INFO = YES;
				ONLY_ACTIVE_ARCH = YES;
				SDKROOT = iphoneos;
				SWIFT_OPTIMIZATION_LEVEL = "-Onone";
				TARGETED_DEVICE_FAMILY = "1,2";
			};
			name = Debug;
		};
		915EEC551D460CE1005CC318 /* Release */ = {
			isa = XCBuildConfiguration;
			buildSettings = {
				ALWAYS_SEARCH_USER_PATHS = NO;
				CLANG_ANALYZER_NONNULL = YES;
				CLANG_CXX_LANGUAGE_STANDARD = "gnu++0x";
				CLANG_CXX_LIBRARY = "libc++";
				CLANG_ENABLE_MODULES = YES;
				CLANG_ENABLE_OBJC_ARC = YES;
				CLANG_WARN_BOOL_CONVERSION = YES;
				CLANG_WARN_CONSTANT_CONVERSION = YES;
				CLANG_WARN_DIRECT_OBJC_ISA_USAGE = YES_ERROR;
				CLANG_WARN_EMPTY_BODY = YES;
				CLANG_WARN_ENUM_CONVERSION = YES;
				CLANG_WARN_INT_CONVERSION = YES;
				CLANG_WARN_OBJC_ROOT_CLASS = YES_ERROR;
				CLANG_WARN_UNREACHABLE_CODE = YES;
				CLANG_WARN__DUPLICATE_METHOD_MATCH = YES;
				"CODE_SIGN_IDENTITY[sdk=iphoneos*]" = "iPhone Developer";
				COPY_PHASE_STRIP = NO;
				DEBUG_INFORMATION_FORMAT = "dwarf-with-dsym";
				ENABLE_NS_ASSERTIONS = NO;
				ENABLE_STRICT_OBJC_MSGSEND = YES;
				GCC_C_LANGUAGE_STANDARD = gnu99;
				GCC_NO_COMMON_BLOCKS = YES;
				GCC_WARN_64_TO_32_BIT_CONVERSION = YES;
				GCC_WARN_ABOUT_RETURN_TYPE = YES_ERROR;
				GCC_WARN_UNDECLARED_SELECTOR = YES;
				GCC_WARN_UNINITIALIZED_AUTOS = YES_AGGRESSIVE;
				GCC_WARN_UNUSED_FUNCTION = YES;
				GCC_WARN_UNUSED_VARIABLE = YES;
				IPHONEOS_DEPLOYMENT_TARGET = 9.3;
				MTL_ENABLE_DEBUG_INFO = NO;
				SDKROOT = iphoneos;
				TARGETED_DEVICE_FAMILY = "1,2";
				VALIDATE_PRODUCT = YES;
			};
			name = Release;
		};
		915EEC571D460CE1005CC318 /* Debug */ = {
			isa = XCBuildConfiguration;
			buildSettings = {
				ASSETCATALOG_COMPILER_APPICON_NAME = AppIcon;
				INFOPLIST_FILE = EmotionCode/Info.plist;
				LD_RUNPATH_SEARCH_PATHS = "$(inherited) @executable_path/Frameworks";
				PRODUCT_BUNDLE_IDENTIFIER = com.discoverhealing.emotioncode;
				PRODUCT_NAME = "$(TARGET_NAME)";
			};
			name = Debug;
		};
		915EEC581D460CE1005CC318 /* Release */ = {
			isa = XCBuildConfiguration;
			buildSettings = {
				ASSETCATALOG_COMPILER_APPICON_NAME = AppIcon;
				INFOPLIST_FILE = EmotionCode/Info.plist;
				LD_RUNPATH_SEARCH_PATHS = "$(inherited) @executable_path/Frameworks";
				PRODUCT_BUNDLE_IDENTIFIER = com.discoverhealing.emotioncode;
				PRODUCT_NAME = "$(TARGET_NAME)";
			};
			name = Release;
		};
		915EEC5A1D460CE1005CC318 /* Debug */ = {
			isa = XCBuildConfiguration;
			buildSettings = {
				INFOPLIST_FILE = EmotionCodeUITests/Info.plist;
				LD_RUNPATH_SEARCH_PATHS = "$(inherited) @executable_path/Frameworks @loader_path/Frameworks";
				PRODUCT_BUNDLE_IDENTIFIER = TBD.EmotionCodeUITests;
				PRODUCT_NAME = "$(TARGET_NAME)";
				TEST_TARGET_NAME = EmotionCode;
			};
			name = Debug;
		};
		915EEC5B1D460CE1005CC318 /* Release */ = {
			isa = XCBuildConfiguration;
			buildSettings = {
				INFOPLIST_FILE = EmotionCodeUITests/Info.plist;
				LD_RUNPATH_SEARCH_PATHS = "$(inherited) @executable_path/Frameworks @loader_path/Frameworks";
				PRODUCT_BUNDLE_IDENTIFIER = TBD.EmotionCodeUITests;
				PRODUCT_NAME = "$(TARGET_NAME)";
				TEST_TARGET_NAME = EmotionCode;
			};
			name = Release;
		};
/* End XCBuildConfiguration section */

/* Begin XCConfigurationList section */
		915EEC341D460CE1005CC318 /* Build configuration list for PBXProject "EmotionCode" */ = {
			isa = XCConfigurationList;
			buildConfigurations = (
				915EEC541D460CE1005CC318 /* Debug */,
				915EEC551D460CE1005CC318 /* Release */,
			);
			defaultConfigurationIsVisible = 0;
			defaultConfigurationName = Release;
		};
		915EEC561D460CE1005CC318 /* Build configuration list for PBXNativeTarget "EmotionCode" */ = {
			isa = XCConfigurationList;
			buildConfigurations = (
				915EEC571D460CE1005CC318 /* Debug */,
				915EEC581D460CE1005CC318 /* Release */,
			);
			defaultConfigurationIsVisible = 0;
			defaultConfigurationName = Release;
		};
		915EEC591D460CE1005CC318 /* Build configuration list for PBXNativeTarget "EmotionCodeUITests" */ = {
			isa = XCConfigurationList;
			buildConfigurations = (
				915EEC5A1D460CE1005CC318 /* Debug */,
				915EEC5B1D460CE1005CC318 /* Release */,
			);
			defaultConfigurationIsVisible = 0;
			defaultConfigurationName = Release;
		};
/* End XCConfigurationList section */
	};
	rootObject = 915EEC311D460CE1005CC318 /* Project object */;
}
